{
  "version": 4,
  "terraform_version": "1.12.2",
  "serial": 382,
  "lineage": "f8f4ca56-477e-6951-c330-496f4bc26af7",
  "outputs": {
    "backend_ecr_repository": {
      "value": "127214171089.dkr.ecr.us-east-1.amazonaws.com/client1-apollo-backend",
      "type": "string"
    },
    "lambda_ecr_repositories": {
      "value": {
        "correlation-v2": "127214171089.dkr.ecr.us-east-1.amazonaws.com/client1-correlation-v2-repo",
        "forecast-model-v2": "127214171089.dkr.ecr.us-east-1.amazonaws.com/client1-forecast-model-v2-repo",
        "private_db_query": "127214171089.dkr.ecr.us-east-1.amazonaws.com/client1-private_db_query-repo",
        "quote-compare-v2": "127214171089.dkr.ecr.us-east-1.amazonaws.com/client1-quote-compare-v2-repo",
        "read-mail-inbox-v2": "127214171089.dkr.ecr.us-east-1.amazonaws.com/client1-read-mail-inbox-v2-repo",
        "utility-function-v2": "127214171089.dkr.ecr.us-east-1.amazonaws.com/client1-utility-function-v2-repo"
      },
      "type": [
        "object",
        {
          "correlation-v2": "string",
          "forecast-model-v2": "string",
          "private_db_query": "string",
          "quote-compare-v2": "string",
          "read-mail-inbox-v2": "string",
          "utility-function-v2": "string"
        }
      ]
    }
  },
  "resources": [
    {
      "mode": "managed",
      "type": "aws_ecr_repository",
      "name": "backend",
      "provider": "provider[\"registry.terraform.io/hashicorp/aws\"]",
      "instances": [
        {
          "schema_version": 0,
          "attributes": {
            "arn": "arn:aws:ecr:us-east-1:127214171089:repository/client1-apollo-backend",
            "encryption_configuration": [
              {
                "encryption_type": "AES256",
                "kms_key": ""
              }
            ],
            "force_delete": true,
            "id": "client1-apollo-backend",
            "image_scanning_configuration": [
              {
                "scan_on_push": true
              }
            ],
            "image_tag_mutability": "MUTABLE",
            "name": "client1-apollo-backend",
            "registry_id": "127214171089",
            "repository_url": "127214171089.dkr.ecr.us-east-1.amazonaws.com/client1-apollo-backend",
            "tags": {
              "Client": "client1",
              "Environment": "prod",
              "ManagedBy": "terraform",
              "Name": "client1-prod-backend-ecr",
              "Owner": "SupplyChain",
              "Workspace": "apollo-v2"
            },
            "tags_all": {
              "Client": "client1",
              "Environment": "prod",
              "ManagedBy": "terraform",
              "Name": "client1-prod-backend-ecr",
              "Owner": "SupplyChain",
              "Workspace": "apollo-v2"
            },
            "timeouts": null
          },
          "sensitive_attributes": [],
          "identity_schema_version": 0,
          "private": "eyJlMmJmYjczMC1lY2FhLTExZTYtOGY4OC0zNDM2M2JjN2M0YzAiOnsiZGVsZXRlIjoxMjAwMDAwMDAwMDAwfX0="
        }
      ]
    },
    {
      "mode": "managed",
      "type": "aws_ecr_repository",
      "name": "lambda",
      "provider": "provider[\"registry.terraform.io/hashicorp/aws\"]",
      "instances": [
        {
          "index_key": "correlation-v2",
          "schema_version": 0,
          "attributes": {
            "arn": "arn:aws:ecr:us-east-1:127214171089:repository/client1-correlation-v2-repo",
            "encryption_configuration": [
              {
                "encryption_type": "AES256",
                "kms_key": ""
              }
            ],
            "force_delete": true,
            "id": "client1-correlation-v2-repo",
            "image_scanning_configuration": [
              {
                "scan_on_push": true
              }
            ],
            "image_tag_mutability": "MUTABLE",
            "name": "client1-correlation-v2-repo",
            "registry_id": "127214171089",
            "repository_url": "127214171089.dkr.ecr.us-east-1.amazonaws.com/client1-correlation-v2-repo",
            "tags": {
              "Client": "client1",
              "Environment": "prod",
              "ManagedBy": "terraform",
              "Name": "client1-correlation-v2-repo",
              "Owner": "SupplyChain",
              "Workspace": "apollo-v2"
            },
            "tags_all": {
              "Client": "client1",
              "Environment": "prod",
              "ManagedBy": "terraform",
              "Name": "client1-correlation-v2-repo",
              "Owner": "SupplyChain",
              "Workspace": "apollo-v2"
            },
            "timeouts": null
          },
          "sensitive_attributes": [],
          "identity_schema_version": 0,
          "private": "eyJlMmJmYjczMC1lY2FhLTExZTYtOGY4OC0zNDM2M2JjN2M0YzAiOnsiZGVsZXRlIjoxMjAwMDAwMDAwMDAwfX0="
        },
        {
          "index_key": "forecast-model-v2",
          "schema_version": 0,
          "attributes": {
            "arn": "arn:aws:ecr:us-east-1:127214171089:repository/client1-forecast-model-v2-repo",
            "encryption_configuration": [
              {
                "encryption_type": "AES256",
                "kms_key": ""
              }
            ],
            "force_delete": true,
            "id": "client1-forecast-model-v2-repo",
            "image_scanning_configuration": [
              {
                "scan_on_push": true
              }
            ],
            "image_tag_mutability": "MUTABLE",
            "name": "client1-forecast-model-v2-repo",
            "registry_id": "127214171089",
            "repository_url": "127214171089.dkr.ecr.us-east-1.amazonaws.com/client1-forecast-model-v2-repo",
            "tags": {
              "Client": "client1",
              "Environment": "prod",
              "ManagedBy": "terraform",
              "Name": "client1-forecast-model-v2-repo",
              "Owner": "SupplyChain",
              "Workspace": "apollo-v2"
            },
            "tags_all": {
              "Client": "client1",
              "Environment": "prod",
              "ManagedBy": "terraform",
              "Name": "client1-forecast-model-v2-repo",
              "Owner": "SupplyChain",
              "Workspace": "apollo-v2"
            },
            "timeouts": null
          },
          "sensitive_attributes": [],
          "identity_schema_version": 0,
          "private": "eyJlMmJmYjczMC1lY2FhLTExZTYtOGY4OC0zNDM2M2JjN2M0YzAiOnsiZGVsZXRlIjoxMjAwMDAwMDAwMDAwfX0="
        },
        {
          "index_key": "private_db_query",
          "schema_version": 0,
          "attributes": {
            "arn": "arn:aws:ecr:us-east-1:127214171089:repository/client1-private_db_query-repo",
            "encryption_configuration": [
              {
                "encryption_type": "AES256",
                "kms_key": ""
              }
            ],
            "force_delete": true,
            "id": "client1-private_db_query-repo",
            "image_scanning_configuration": [
              {
                "scan_on_push": true
              }
            ],
            "image_tag_mutability": "MUTABLE",
            "name": "client1-private_db_query-repo",
            "registry_id": "127214171089",
            "repository_url": "127214171089.dkr.ecr.us-east-1.amazonaws.com/client1-private_db_query-repo",
            "tags": {
              "Client": "client1",
              "Environment": "prod",
              "ManagedBy": "terraform",
              "Name": "client1-private_db_query-repo",
              "Owner": "SupplyChain",
              "Workspace": "apollo-v2"
            },
            "tags_all": {
              "Client": "client1",
              "Environment": "prod",
              "ManagedBy": "terraform",
              "Name": "client1-private_db_query-repo",
              "Owner": "SupplyChain",
              "Workspace": "apollo-v2"
            },
            "timeouts": null
          },
          "sensitive_attributes": [],
          "identity_schema_version": 0,
          "private": "eyJlMmJmYjczMC1lY2FhLTExZTYtOGY4OC0zNDM2M2JjN2M0YzAiOnsiZGVsZXRlIjoxMjAwMDAwMDAwMDAwfX0="
        },
        {
          "index_key": "quote-compare-v2",
          "schema_version": 0,
          "attributes": {
            "arn": "arn:aws:ecr:us-east-1:127214171089:repository/client1-quote-compare-v2-repo",
            "encryption_configuration": [
              {
                "encryption_type": "AES256",
                "kms_key": ""
              }
            ],
            "force_delete": true,
            "id": "client1-quote-compare-v2-repo",
            "image_scanning_configuration": [
              {
                "scan_on_push": true
              }
            ],
            "image_tag_mutability": "MUTABLE",
            "name": "client1-quote-compare-v2-repo",
            "registry_id": "127214171089",
            "repository_url": "127214171089.dkr.ecr.us-east-1.amazonaws.com/client1-quote-compare-v2-repo",
            "tags": {
              "Client": "client1",
              "Environment": "prod",
              "ManagedBy": "terraform",
              "Name": "client1-quote-compare-v2-repo",
              "Owner": "SupplyChain",
              "Workspace": "apollo-v2"
            },
            "tags_all": {
              "Client": "client1",
              "Environment": "prod",
              "ManagedBy": "terraform",
              "Name": "client1-quote-compare-v2-repo",
              "Owner": "SupplyChain",
              "Workspace": "apollo-v2"
            },
            "timeouts": null
          },
          "sensitive_attributes": [],
          "identity_schema_version": 0,
          "private": "eyJlMmJmYjczMC1lY2FhLTExZTYtOGY4OC0zNDM2M2JjN2M0YzAiOnsiZGVsZXRlIjoxMjAwMDAwMDAwMDAwfX0="
        },
        {
          "index_key": "read-mail-inbox-v2",
          "schema_version": 0,
          "attributes": {
            "arn": "arn:aws:ecr:us-east-1:127214171089:repository/client1-read-mail-inbox-v2-repo",
            "encryption_configuration": [
              {
                "encryption_type": "AES256",
                "kms_key": ""
              }
            ],
            "force_delete": true,
            "id": "client1-read-mail-inbox-v2-repo",
            "image_scanning_configuration": [
              {
                "scan_on_push": true
              }
            ],
            "image_tag_mutability": "MUTABLE",
            "name": "client1-read-mail-inbox-v2-repo",
            "registry_id": "127214171089",
            "repository_url": "127214171089.dkr.ecr.us-east-1.amazonaws.com/client1-read-mail-inbox-v2-repo",
            "tags": {
              "Client": "client1",
              "Environment": "prod",
              "ManagedBy": "terraform",
              "Name": "client1-read-mail-inbox-v2-repo",
              "Owner": "SupplyChain",
              "Workspace": "apollo-v2"
            },
            "tags_all": {
              "Client": "client1",
              "Environment": "prod",
              "ManagedBy": "terraform",
              "Name": "client1-read-mail-inbox-v2-repo",
              "Owner": "SupplyChain",
              "Workspace": "apollo-v2"
            },
            "timeouts": null
          },
          "sensitive_attributes": [],
          "identity_schema_version": 0,
          "private": "eyJlMmJmYjczMC1lY2FhLTExZTYtOGY4OC0zNDM2M2JjN2M0YzAiOnsiZGVsZXRlIjoxMjAwMDAwMDAwMDAwfX0="
        },
        {
          "index_key": "utility-function-v2",
          "schema_version": 0,
          "attributes": {
            "arn": "arn:aws:ecr:us-east-1:127214171089:repository/client1-utility-function-v2-repo",
            "encryption_configuration": [
              {
                "encryption_type": "AES256",
                "kms_key": ""
              }
            ],
            "force_delete": true,
            "id": "client1-utility-function-v2-repo",
            "image_scanning_configuration": [
              {
                "scan_on_push": true
              }
            ],
            "image_tag_mutability": "MUTABLE",
            "name": "client1-utility-function-v2-repo",
            "registry_id": "127214171089",
            "repository_url": "127214171089.dkr.ecr.us-east-1.amazonaws.com/client1-utility-function-v2-repo",
            "tags": {
              "Client": "client1",
              "Environment": "prod",
              "ManagedBy": "terraform",
              "Name": "client1-utility-function-v2-repo",
              "Owner": "SupplyChain",
              "Workspace": "apollo-v2"
            },
            "tags_all": {
              "Client": "client1",
              "Environment": "prod",
              "ManagedBy": "terraform",
              "Name": "client1-utility-function-v2-repo",
              "Owner": "SupplyChain",
              "Workspace": "apollo-v2"
            },
            "timeouts": null
          },
          "sensitive_attributes": [],
          "identity_schema_version": 0,
          "private": "eyJlMmJmYjczMC1lY2FhLTExZTYtOGY4OC0zNDM2M2JjN2M0YzAiOnsiZGVsZXRlIjoxMjAwMDAwMDAwMDAwfX0="
        }
      ]
    }
  ],
  "check_results": [
    {
      "object_kind": "var",
      "config_addr": "var.cloudfront_price_class",
      "status": "unknown",
      "objects": null
    }
  ]
}
