{
  "version": 4,
  "terraform_version": "1.12.2",
  "serial": 976,
  "lineage": "f8f4ca56-477e-6951-c330-496f4bc26af7",
  "outputs": {
    "alb_dns_name": {
      "value": "client1-prod-alb-2117319920.us-east-1.elb.amazonaws.com",
      "type": "string"
    },
    "backend_ecr_repository": {
      "value": "127214171089.dkr.ecr.us-east-1.amazonaws.com/client1-apollo-backend",
      "type": "string"
    },
    "cloudfront_distribution_id": {
      "value": "E5GB0W9L7NNEY",
      "type": "string"
    },
    "cloudfront_domain": {
      "value": "df9wei329pnd3.cloudfront.net",
      "type": "string"
    },
    "database_endpoint": {
      "value": "client1-prod-postgres.cqv8cisuuyq1.us-east-1.rds.amazonaws.com",
      "type": "string"
    },
    "etl_uploads_bucket": {
      "value": "client1-prod-etl-uploads",
      "type": "string"
    },
    "frontend_bucket": {
      "value": "client1-frontend",
      "type": "string"
    },
    "lambda_ecr_repositories": {
      "value": {
        "correlation-v2": "127214171089.dkr.ecr.us-east-1.amazonaws.com/client1-correlation-v2-repo",
        "etl": "127214171089.dkr.ecr.us-east-1.amazonaws.com/client1-etl-repo",
        "forecast-model-v2": "127214171089.dkr.ecr.us-east-1.amazonaws.com/client1-forecast-model-v2-repo",
        "private_db_query": "127214171089.dkr.ecr.us-east-1.amazonaws.com/client1-private_db_query-repo",
        "quote-compare-v2": "127214171089.dkr.ecr.us-east-1.amazonaws.com/client1-quote-compare-v2-repo",
        "read-mail-inbox-v2": "127214171089.dkr.ecr.us-east-1.amazonaws.com/client1-read-mail-inbox-v2-repo",
        "utility-function-v2": "127214171089.dkr.ecr.us-east-1.amazonaws.com/client1-utility-function-v2-repo"
      },
      "type": [
        "object",
        {
          "correlation-v2": "string",
          "etl": "string",
          "forecast-model-v2": "string",
          "private_db_query": "string",
          "quote-compare-v2": "string",
          "read-mail-inbox-v2": "string",
          "utility-function-v2": "string"
        }
      ]
    },
    "lambda_function_names": {
      "value": {
        "correlation-v2": "client1-correlation-v2",
        "etl": "client1-etl",
        "forecast-model-v2": "client1-forecast-model-v2",
        "private_db_query": "client1-private_db_query",
        "quote-compare-v2": "client1-quote-compare-v2",
        "read-mail-inbox-v2": "client1-read-mail-inbox-v2",
        "utility-function-v2": "client1-utility-function-v2"
      },
      "type": [
        "object",
        {
          "correlation-v2": "string",
          "etl": "string",
          "forecast-model-v2": "string",
          "private_db_query": "string",
          "quote-compare-v2": "string",
          "read-mail-inbox-v2": "string",
          "utility-function-v2": "string"
        }
      ]
    },
    "private_assets_bucket": {
      "value": "client1-private-fastapi",
      "type": "string"
    }
  },
  "resources": [
    {
      "mode": "data",
      "type": "aws_availability_zones",
      "name": "available",
      "provider": "provider[\"registry.terraform.io/hashicorp/aws\"]",
      "instances": [
        {
          "schema_version": 0,
          "attributes": {
            "all_availability_zones": null,
            "exclude_names": null,
            "exclude_zone_ids": null,
            "filter": null,
            "group_names": [
              "us-east-1-zg-1"
            ],
            "id": "us-east-1",
            "names": [
              "us-east-1a",
              "us-east-1b",
              "us-east-1c",
              "us-east-1d",
              "us-east-1e",
              "us-east-1f"
            ],
            "state": "available",
            "timeouts": null,
            "zone_ids": [
              "use1-az1",
              "use1-az2",
              "use1-az4",
              "use1-az6",
              "use1-az3",
              "use1-az5"
            ]
          },
          "sensitive_attributes": [],
          "identity_schema_version": 0
        }
      ]
    },
    {
      "mode": "data",
      "type": "aws_caller_identity",
      "name": "current",
      "provider": "provider[\"registry.terraform.io/hashicorp/aws\"]",
      "instances": [
        {
          "schema_version": 0,
          "attributes": {
            "account_id": "127214171089",
            "arn": "arn:aws:iam::127214171089:user/Rudresha",
            "id": "127214171089",
            "user_id": "AIDAR3HUOGPIXBOSUKQKD"
          },
          "sensitive_attributes": [],
          "identity_schema_version": 0
        }
      ]
    },
    {
      "mode": "data",
      "type": "aws_iam_policy_document",
      "name": "ecs_assume",
      "provider": "provider[\"registry.terraform.io/hashicorp/aws\"]",
      "instances": [
        {
          "schema_version": 0,
          "attributes": {
            "id": "1077804475",
            "json": "{\n  \"Version\": \"2012-10-17\",\n  \"Statement\": [\n    {\n      \"Effect\": \"Allow\",\n      \"Action\": \"sts:AssumeRole\",\n      \"Principal\": {\n        \"Service\": \"ecs-tasks.amazonaws.com\"\n      }\n    }\n  ]\n}",
            "minified_json": "{\"Version\":\"2012-10-17\",\"Statement\":[{\"Effect\":\"Allow\",\"Action\":\"sts:AssumeRole\",\"Principal\":{\"Service\":\"ecs-tasks.amazonaws.com\"}}]}",
            "override_json": null,
            "override_policy_documents": null,
            "policy_id": null,
            "source_json": null,
            "source_policy_documents": null,
            "statement": [
              {
                "actions": [
                  "sts:AssumeRole"
                ],
                "condition": [],
                "effect": "Allow",
                "not_actions": [],
                "not_principals": [],
                "not_resources": [],
                "principals": [
                  {
                    "identifiers": [
                      "ecs-tasks.amazonaws.com"
                    ],
                    "type": "Service"
                  }
                ],
                "resources": [],
                "sid": ""
              }
            ],
            "version": "2012-10-17"
          },
          "sensitive_attributes": [],
          "identity_schema_version": 0
        }
      ]
    },
    {
      "mode": "data",
      "type": "aws_iam_policy_document",
      "name": "lambda_assume",
      "provider": "provider[\"registry.terraform.io/hashicorp/aws\"]",
      "instances": [
        {
          "schema_version": 0,
          "attributes": {
            "id": "2690255455",
            "json": "{\n  \"Version\": \"2012-10-17\",\n  \"Statement\": [\n    {\n      \"Effect\": \"Allow\",\n      \"Action\": \"sts:AssumeRole\",\n      \"Principal\": {\n        \"Service\": \"lambda.amazonaws.com\"\n      }\n    }\n  ]\n}",
            "minified_json": "{\"Version\":\"2012-10-17\",\"Statement\":[{\"Effect\":\"Allow\",\"Action\":\"sts:AssumeRole\",\"Principal\":{\"Service\":\"lambda.amazonaws.com\"}}]}",
            "override_json": null,
            "override_policy_documents": null,
            "policy_id": null,
            "source_json": null,
            "source_policy_documents": null,
            "statement": [
              {
                "actions": [
                  "sts:AssumeRole"
                ],
                "condition": [],
                "effect": "Allow",
                "not_actions": [],
                "not_principals": [],
                "not_resources": [],
                "principals": [
                  {
                    "identifiers": [
                      "lambda.amazonaws.com"
                    ],
                    "type": "Service"
                  }
                ],
                "resources": [],
                "sid": ""
              }
            ],
            "version": "2012-10-17"
          },
          "sensitive_attributes": [],
          "identity_schema_version": 0
        }
      ]
    },
    {
      "mode": "data",
      "type": "aws_region",
      "name": "current",
      "provider": "provider[\"registry.terraform.io/hashicorp/aws\"]",
      "instances": [
        {
          "schema_version": 0,
          "attributes": {
            "description": "US East (N. Virginia)",
            "endpoint": "ec2.us-east-1.amazonaws.com",
            "id": "us-east-1",
            "name": "us-east-1"
          },
          "sensitive_attributes": [],
          "identity_schema_version": 0
        }
      ]
    },
    {
      "mode": "managed",
      "type": "aws_cloudfront_distribution",
      "name": "frontend",
      "provider": "provider[\"registry.terraform.io/hashicorp/aws\"]",
      "instances": [
        {
          "schema_version": 1,
          "attributes": {
            "aliases": null,
            "arn": "arn:aws:cloudfront::127214171089:distribution/E5GB0W9L7NNEY",
            "caller_reference": "terraform-2025120408403057890000000e",
            "comment": "SCM-MAX frontend for client1",
            "continuous_deployment_policy_id": "",
            "custom_error_response": [
              {
                "error_caching_min_ttl": 300,
                "error_code": 403,
                "response_code": 200,
                "response_page_path": "/index.html"
              },
              {
                "error_caching_min_ttl": 300,
                "error_code": 404,
                "response_code": 200,
                "response_page_path": "/index.html"
              }
            ],
            "default_cache_behavior": [
              {
                "allowed_methods": [
                  "GET",
                  "HEAD",
                  "OPTIONS"
                ],
                "cache_policy_id": "",
                "cached_methods": [
                  "GET",
                  "HEAD"
                ],
                "compress": true,
                "default_ttl": 86400,
                "field_level_encryption_id": "",
                "forwarded_values": [
                  {
                    "cookies": [
                      {
                        "forward": "none",
                        "whitelisted_names": []
                      }
                    ],
                    "headers": [],
                    "query_string": false,
                    "query_string_cache_keys": []
                  }
                ],
                "function_association": [],
                "grpc_config": [
                  {
                    "enabled": false
                  }
                ],
                "lambda_function_association": [],
                "max_ttl": 31536000,
                "min_ttl": 0,
                "origin_request_policy_id": "",
                "realtime_log_config_arn": "",
                "response_headers_policy_id": "",
                "smooth_streaming": false,
                "target_origin_id": "s3-client1-frontend",
                "trusted_key_groups": [],
                "trusted_signers": [],
                "viewer_protocol_policy": "redirect-to-https"
              }
            ],
            "default_root_object": "index.html",
            "domain_name": "df9wei329pnd3.cloudfront.net",
            "enabled": true,
            "etag": "E21BGLV5DBAIAW",
            "hosted_zone_id": "Z2FDTNDATAQYW2",
            "http_version": "http2",
            "id": "E5GB0W9L7NNEY",
            "in_progress_validation_batches": 0,
            "is_ipv6_enabled": true,
            "last_modified_time": "2025-12-04 08:40:31.426 +0000 UTC",
            "logging_config": [],
            "ordered_cache_behavior": [
              {
                "allowed_methods": [
                  "DELETE",
                  "GET",
                  "HEAD",
                  "OPTIONS",
                  "PATCH",
                  "POST",
                  "PUT"
                ],
                "cache_policy_id": "",
                "cached_methods": [
                  "GET",
                  "HEAD"
                ],
                "compress": true,
                "default_ttl": 0,
                "field_level_encryption_id": "",
                "forwarded_values": [
                  {
                    "cookies": [
                      {
                        "forward": "all",
                        "whitelisted_names": null
                      }
                    ],
                    "headers": [
                      "Authorization",
                      "Content-Type"
                    ],
                    "query_string": true,
                    "query_string_cache_keys": []
                  }
                ],
                "function_association": [],
                "grpc_config": [
                  {
                    "enabled": false
                  }
                ],
                "lambda_function_association": [],
                "max_ttl": 0,
                "min_ttl": 0,
                "origin_request_policy_id": "",
                "path_pattern": "/api/*",
                "realtime_log_config_arn": "",
                "response_headers_policy_id": "",
                "smooth_streaming": false,
                "target_origin_id": "api-backend",
                "trusted_key_groups": null,
                "trusted_signers": null,
                "viewer_protocol_policy": "redirect-to-https"
              }
            ],
            "origin": [
              {
                "connection_attempts": 3,
                "connection_timeout": 10,
                "custom_header": [],
                "custom_origin_config": [
                  {
                    "http_port": 80,
                    "https_port": 443,
                    "origin_keepalive_timeout": 5,
                    "origin_protocol_policy": "http-only",
                    "origin_read_timeout": 30,
                    "origin_ssl_protocols": [
                      "TLSv1.2"
                    ]
                  }
                ],
                "domain_name": "client1-prod-alb-2117319920.us-east-1.elb.amazonaws.com",
                "origin_access_control_id": "",
                "origin_id": "api-backend",
                "origin_path": "",
                "origin_shield": [],
                "s3_origin_config": [],
                "vpc_origin_config": []
              },
              {
                "connection_attempts": 3,
                "connection_timeout": 10,
                "custom_header": [],
                "custom_origin_config": [],
                "domain_name": "client1-frontend.s3.us-east-1.amazonaws.com",
                "origin_access_control_id": "E3BZPI1K4OXGD8",
                "origin_id": "s3-client1-frontend",
                "origin_path": "",
                "origin_shield": [],
                "s3_origin_config": [],
                "vpc_origin_config": []
              }
            ],
            "origin_group": [],
            "price_class": "PriceClass_100",
            "restrictions": [
              {
                "geo_restriction": [
                  {
                    "locations": [],
                    "restriction_type": "none"
                  }
                ]
              }
            ],
            "retain_on_delete": false,
            "staging": false,
            "status": "Deployed",
            "tags": {
              "Client": "client1",
              "Environment": "prod",
              "ManagedBy": "terraform",
              "Name": "client1-prod-cf",
              "Owner": "SupplyChain",
              "Workspace": "apollo-v2"
            },
            "tags_all": {
              "Client": "client1",
              "Environment": "prod",
              "ManagedBy": "terraform",
              "Name": "client1-prod-cf",
              "Owner": "SupplyChain",
              "Workspace": "apollo-v2"
            },
            "trusted_key_groups": [
              {
                "enabled": false,
                "items": []
              }
            ],
            "trusted_signers": [
              {
                "enabled": false,
                "items": []
              }
            ],
            "viewer_certificate": [
              {
                "acm_certificate_arn": "",
                "cloudfront_default_certificate": true,
                "iam_certificate_id": "",
                "minimum_protocol_version": "TLSv1",
                "ssl_support_method": ""
              }
            ],
            "wait_for_deployment": true,
            "web_acl_id": ""
          },
          "sensitive_attributes": [],
          "identity_schema_version": 0,
          "private": "eyJzY2hlbWFfdmVyc2lvbiI6IjEifQ==",
          "dependencies": [
            "aws_cloudfront_origin_access_control.frontend",
            "aws_lb.backend",
            "aws_s3_bucket.frontend",
            "aws_security_group.alb",
            "aws_subnet.public",
            "aws_vpc.main",
            "data.aws_availability_zones.available"
          ]
        }
      ]
    },
    {
      "mode": "managed",
      "type": "aws_cloudfront_origin_access_control",
      "name": "frontend",
      "provider": "provider[\"registry.terraform.io/hashicorp/aws\"]",
      "instances": [
        {
          "schema_version": 0,
          "attributes": {
            "arn": "arn:aws:cloudfront::127214171089:origin-access-control/E3BZPI1K4OXGD8",
            "description": "OAC for client1-frontend",
            "etag": "ETVPDKIKX0DER",
            "id": "E3BZPI1K4OXGD8",
            "name": "client1-prod-oac",
            "origin_access_control_origin_type": "s3",
            "signing_behavior": "always",
            "signing_protocol": "sigv4"
          },
          "sensitive_attributes": [],
          "identity_schema_version": 0,
          "private": "bnVsbA=="
        }
      ]
    },
    {
      "mode": "managed",
      "type": "aws_cloudwatch_log_group",
      "name": "ecs",
      "provider": "provider[\"registry.terraform.io/hashicorp/aws\"]",
      "instances": [
        {
          "schema_version": 0,
          "attributes": {
            "arn": "arn:aws:logs:us-east-1:127214171089:log-group:/ecs/client1-prod",
            "id": "/ecs/client1-prod",
            "kms_key_id": "",
            "log_group_class": "STANDARD",
            "name": "/ecs/client1-prod",
            "name_prefix": "",
            "retention_in_days": 14,
            "skip_destroy": false,
            "tags": {
              "Client": "client1",
              "Environment": "prod",
              "ManagedBy": "terraform",
              "Owner": "SupplyChain",
              "Workspace": "apollo-v2"
            },
            "tags_all": {
              "Client": "client1",
              "Environment": "prod",
              "ManagedBy": "terraform",
              "Owner": "SupplyChain",
              "Workspace": "apollo-v2"
            }
          },
          "sensitive_attributes": [],
          "identity_schema_version": 0,
          "private": "bnVsbA=="
        }
      ]
    },
    {
      "mode": "managed",
      "type": "aws_db_instance",
      "name": "postgres",
      "provider": "provider[\"registry.terraform.io/hashicorp/aws\"]",
      "instances": [
        {
          "schema_version": 2,
          "attributes": {
            "address": "client1-prod-postgres.cqv8cisuuyq1.us-east-1.rds.amazonaws.com",
            "allocated_storage": 20,
            "allow_major_version_upgrade": null,
            "apply_immediately": false,
            "arn": "arn:aws:rds:us-east-1:127214171089:db:client1-prod-postgres",
            "auto_minor_version_upgrade": true,
            "availability_zone": "us-east-1b",
            "backup_retention_period": 7,
            "backup_target": "region",
            "backup_window": "04:11-04:41",
            "blue_green_update": [],
            "ca_cert_identifier": "rds-ca-rsa2048-g1",
            "character_set_name": "",
            "copy_tags_to_snapshot": false,
            "custom_iam_instance_profile": "",
            "customer_owned_ip_enabled": false,
            "database_insights_mode": "standard",
            "db_name": "apollo",
            "db_subnet_group_name": "client1-prod-db-subnet-group",
            "dedicated_log_volume": false,
            "delete_automated_backups": true,
            "deletion_protection": false,
            "domain": "",
            "domain_auth_secret_arn": "",
            "domain_dns_ips": null,
            "domain_fqdn": "",
            "domain_iam_role_name": "",
            "domain_ou": "",
            "enabled_cloudwatch_logs_exports": null,
            "endpoint": "client1-prod-postgres.cqv8cisuuyq1.us-east-1.rds.amazonaws.com:5432",
            "engine": "postgres",
            "engine_lifecycle_support": "open-source-rds-extended-support",
            "engine_version": "15.8",
            "engine_version_actual": "15.8",
            "final_snapshot_identifier": null,
            "hosted_zone_id": "Z2R2ITUGPM61AM",
            "iam_database_authentication_enabled": false,
            "id": "db-ZHKK7RZR5QMGGQ73UMID3OZN3M",
            "identifier": "client1-prod-postgres",
            "identifier_prefix": "",
            "instance_class": "db.t3.micro",
            "iops": 0,
            "kms_key_id": "arn:aws:kms:us-east-1:127214171089:key/034943b9-dc9c-4175-b979-c5ecf9224236",
            "latest_restorable_time": "2025-12-04T08:42:31Z",
            "license_model": "postgresql-license",
            "listener_endpoint": [],
            "maintenance_window": "fri:03:37-fri:04:07",
            "manage_master_user_password": null,
            "master_user_secret": [],
            "master_user_secret_kms_key_id": null,
            "max_allocated_storage": 100,
            "monitoring_interval": 0,
            "monitoring_role_arn": "",
            "multi_az": false,
            "nchar_character_set_name": "",
            "network_type": "IPV4",
            "option_group_name": "default:postgres-15",
            "parameter_group_name": "default.postgres15",
            "password": "Client1Pass123",
            "password_wo": null,
            "password_wo_version": null,
            "performance_insights_enabled": false,
            "performance_insights_kms_key_id": "",
            "performance_insights_retention_period": 0,
            "port": 5432,
            "publicly_accessible": false,
            "replica_mode": "",
            "replicas": [],
            "replicate_source_db": "",
            "resource_id": "db-ZHKK7RZR5QMGGQ73UMID3OZN3M",
            "restore_to_point_in_time": [],
            "s3_import": [],
            "skip_final_snapshot": true,
            "snapshot_identifier": null,
            "status": "available",
            "storage_encrypted": true,
            "storage_throughput": 0,
            "storage_type": "gp2",
            "tags": {
              "Client": "client1",
              "Environment": "prod",
              "ManagedBy": "terraform",
              "Name": "client1-prod-postgres",
              "Owner": "SupplyChain",
              "Workspace": "apollo-v2"
            },
            "tags_all": {
              "Client": "client1",
              "Environment": "prod",
              "ManagedBy": "terraform",
              "Name": "client1-prod-postgres",
              "Owner": "SupplyChain",
              "Workspace": "apollo-v2"
            },
            "timeouts": null,
            "timezone": "",
            "upgrade_storage_config": null,
            "username": "client1",
            "vpc_security_group_ids": [
              "sg-07e132cd0d7ec9ee7"
            ]
          },
          "sensitive_attributes": [
            [
              {
                "type": "get_attr",
                "value": "password"
              }
            ],
            [
              {
                "type": "get_attr",
                "value": "password_wo"
              }
            ]
          ],
          "identity_schema_version": 0,
          "private": "eyJlMmJmYjczMC1lY2FhLTExZTYtOGY4OC0zNDM2M2JjN2M0YzAiOnsiY3JlYXRlIjozMDAwMDAwMDAwMDAwLCJkZWxldGUiOjM2MDAwMDAwMDAwMDAsInVwZGF0ZSI6NDgwMDAwMDAwMDAwMH0sInNjaGVtYV92ZXJzaW9uIjoiMiJ9",
          "dependencies": [
            "aws_db_subnet_group.postgres",
            "aws_security_group.alb",
            "aws_security_group.ecs",
            "aws_security_group.lambda_db",
            "aws_security_group.rds",
            "aws_subnet.private",
            "aws_vpc.main",
            "data.aws_availability_zones.available"
          ]
        }
      ]
    },
    {
      "mode": "managed",
      "type": "aws_db_subnet_group",
      "name": "postgres",
      "provider": "provider[\"registry.terraform.io/hashicorp/aws\"]",
      "instances": [
        {
          "schema_version": 0,
          "attributes": {
            "arn": "arn:aws:rds:us-east-1:127214171089:subgrp:client1-prod-db-subnet-group",
            "description": "Managed by Terraform",
            "id": "client1-prod-db-subnet-group",
            "name": "client1-prod-db-subnet-group",
            "name_prefix": "",
            "subnet_ids": [
              "subnet-056d58bf5ee854258",
              "subnet-08e0b09841119f56d"
            ],
            "supported_network_types": [
              "IPV4"
            ],
            "tags": {
              "Client": "client1",
              "Environment": "prod",
              "ManagedBy": "terraform",
              "Name": "client1-prod-db-subnet-group",
              "Owner": "SupplyChain",
              "Workspace": "apollo-v2"
            },
            "tags_all": {
              "Client": "client1",
              "Environment": "prod",
              "ManagedBy": "terraform",
              "Name": "client1-prod-db-subnet-group",
              "Owner": "SupplyChain",
              "Workspace": "apollo-v2"
            },
            "vpc_id": "vpc-0acee1560fbe9d134"
          },
          "sensitive_attributes": [],
          "identity_schema_version": 0,
          "private": "bnVsbA==",
          "dependencies": [
            "aws_subnet.private",
            "aws_vpc.main",
            "data.aws_availability_zones.available"
          ]
        }
      ]
    },
    {
      "mode": "managed",
      "type": "aws_ecr_repository",
      "name": "backend",
      "provider": "provider[\"registry.terraform.io/hashicorp/aws\"]",
      "instances": [
        {
          "schema_version": 0,
          "attributes": {
            "arn": "arn:aws:ecr:us-east-1:127214171089:repository/client1-apollo-backend",
            "encryption_configuration": [
              {
                "encryption_type": "AES256",
                "kms_key": ""
              }
            ],
            "force_delete": true,
            "id": "client1-apollo-backend",
            "image_scanning_configuration": [
              {
                "scan_on_push": true
              }
            ],
            "image_tag_mutability": "MUTABLE",
            "name": "client1-apollo-backend",
            "registry_id": "127214171089",
            "repository_url": "127214171089.dkr.ecr.us-east-1.amazonaws.com/client1-apollo-backend",
            "tags": {
              "Client": "client1",
              "Environment": "prod",
              "ManagedBy": "terraform",
              "Name": "client1-prod-backend-ecr",
              "Owner": "SupplyChain",
              "Workspace": "apollo-v2"
            },
            "tags_all": {
              "Client": "client1",
              "Environment": "prod",
              "ManagedBy": "terraform",
              "Name": "client1-prod-backend-ecr",
              "Owner": "SupplyChain",
              "Workspace": "apollo-v2"
            },
            "timeouts": null
          },
          "sensitive_attributes": [],
          "identity_schema_version": 0,
          "private": "eyJlMmJmYjczMC1lY2FhLTExZTYtOGY4OC0zNDM2M2JjN2M0YzAiOnsiZGVsZXRlIjoxMjAwMDAwMDAwMDAwfX0="
        }
      ]
    },
    {
      "mode": "managed",
      "type": "aws_ecr_repository",
      "name": "lambda",
      "provider": "provider[\"registry.terraform.io/hashicorp/aws\"]",
      "instances": [
        {
          "index_key": "correlation-v2",
          "schema_version": 0,
          "attributes": {
            "arn": "arn:aws:ecr:us-east-1:127214171089:repository/client1-correlation-v2-repo",
            "encryption_configuration": [
              {
                "encryption_type": "AES256",
                "kms_key": ""
              }
            ],
            "force_delete": true,
            "id": "client1-correlation-v2-repo",
            "image_scanning_configuration": [
              {
                "scan_on_push": true
              }
            ],
            "image_tag_mutability": "MUTABLE",
            "name": "client1-correlation-v2-repo",
            "registry_id": "127214171089",
            "repository_url": "127214171089.dkr.ecr.us-east-1.amazonaws.com/client1-correlation-v2-repo",
            "tags": {
              "Client": "client1",
              "Environment": "prod",
              "ManagedBy": "terraform",
              "Name": "client1-correlation-v2-repo",
              "Owner": "SupplyChain",
              "Workspace": "apollo-v2"
            },
            "tags_all": {
              "Client": "client1",
              "Environment": "prod",
              "ManagedBy": "terraform",
              "Name": "client1-correlation-v2-repo",
              "Owner": "SupplyChain",
              "Workspace": "apollo-v2"
            },
            "timeouts": null
          },
          "sensitive_attributes": [],
          "identity_schema_version": 0,
          "private": "eyJlMmJmYjczMC1lY2FhLTExZTYtOGY4OC0zNDM2M2JjN2M0YzAiOnsiZGVsZXRlIjoxMjAwMDAwMDAwMDAwfX0="
        },
        {
          "index_key": "etl",
          "schema_version": 0,
          "attributes": {
            "arn": "arn:aws:ecr:us-east-1:127214171089:repository/client1-etl-repo",
            "encryption_configuration": [
              {
                "encryption_type": "AES256",
                "kms_key": ""
              }
            ],
            "force_delete": true,
            "id": "client1-etl-repo",
            "image_scanning_configuration": [
              {
                "scan_on_push": true
              }
            ],
            "image_tag_mutability": "MUTABLE",
            "name": "client1-etl-repo",
            "registry_id": "127214171089",
            "repository_url": "127214171089.dkr.ecr.us-east-1.amazonaws.com/client1-etl-repo",
            "tags": {
              "Client": "client1",
              "Environment": "prod",
              "ManagedBy": "terraform",
              "Name": "client1-etl-repo",
              "Owner": "SupplyChain",
              "Workspace": "apollo-v2"
            },
            "tags_all": {
              "Client": "client1",
              "Environment": "prod",
              "ManagedBy": "terraform",
              "Name": "client1-etl-repo",
              "Owner": "SupplyChain",
              "Workspace": "apollo-v2"
            },
            "timeouts": null
          },
          "sensitive_attributes": [],
          "identity_schema_version": 0,
          "private": "eyJlMmJmYjczMC1lY2FhLTExZTYtOGY4OC0zNDM2M2JjN2M0YzAiOnsiZGVsZXRlIjoxMjAwMDAwMDAwMDAwfX0="
        },
        {
          "index_key": "forecast-model-v2",
          "schema_version": 0,
          "attributes": {
            "arn": "arn:aws:ecr:us-east-1:127214171089:repository/client1-forecast-model-v2-repo",
            "encryption_configuration": [
              {
                "encryption_type": "AES256",
                "kms_key": ""
              }
            ],
            "force_delete": true,
            "id": "client1-forecast-model-v2-repo",
            "image_scanning_configuration": [
              {
                "scan_on_push": true
              }
            ],
            "image_tag_mutability": "MUTABLE",
            "name": "client1-forecast-model-v2-repo",
            "registry_id": "127214171089",
            "repository_url": "127214171089.dkr.ecr.us-east-1.amazonaws.com/client1-forecast-model-v2-repo",
            "tags": {
              "Client": "client1",
              "Environment": "prod",
              "ManagedBy": "terraform",
              "Name": "client1-forecast-model-v2-repo",
              "Owner": "SupplyChain",
              "Workspace": "apollo-v2"
            },
            "tags_all": {
              "Client": "client1",
              "Environment": "prod",
              "ManagedBy": "terraform",
              "Name": "client1-forecast-model-v2-repo",
              "Owner": "SupplyChain",
              "Workspace": "apollo-v2"
            },
            "timeouts": null
          },
          "sensitive_attributes": [],
          "identity_schema_version": 0,
          "private": "eyJlMmJmYjczMC1lY2FhLTExZTYtOGY4OC0zNDM2M2JjN2M0YzAiOnsiZGVsZXRlIjoxMjAwMDAwMDAwMDAwfX0="
        },
        {
          "index_key": "private_db_query",
          "schema_version": 0,
          "attributes": {
            "arn": "arn:aws:ecr:us-east-1:127214171089:repository/client1-private_db_query-repo",
            "encryption_configuration": [
              {
                "encryption_type": "AES256",
                "kms_key": ""
              }
            ],
            "force_delete": true,
            "id": "client1-private_db_query-repo",
            "image_scanning_configuration": [
              {
                "scan_on_push": true
              }
            ],
            "image_tag_mutability": "MUTABLE",
            "name": "client1-private_db_query-repo",
            "registry_id": "127214171089",
            "repository_url": "127214171089.dkr.ecr.us-east-1.amazonaws.com/client1-private_db_query-repo",
            "tags": {
              "Client": "client1",
              "Environment": "prod",
              "ManagedBy": "terraform",
              "Name": "client1-private_db_query-repo",
              "Owner": "SupplyChain",
              "Workspace": "apollo-v2"
            },
            "tags_all": {
              "Client": "client1",
              "Environment": "prod",
              "ManagedBy": "terraform",
              "Name": "client1-private_db_query-repo",
              "Owner": "SupplyChain",
              "Workspace": "apollo-v2"
            },
            "timeouts": null
          },
          "sensitive_attributes": [],
          "identity_schema_version": 0,
          "private": "eyJlMmJmYjczMC1lY2FhLTExZTYtOGY4OC0zNDM2M2JjN2M0YzAiOnsiZGVsZXRlIjoxMjAwMDAwMDAwMDAwfX0="
        },
        {
          "index_key": "quote-compare-v2",
          "schema_version": 0,
          "attributes": {
            "arn": "arn:aws:ecr:us-east-1:127214171089:repository/client1-quote-compare-v2-repo",
            "encryption_configuration": [
              {
                "encryption_type": "AES256",
                "kms_key": ""
              }
            ],
            "force_delete": true,
            "id": "client1-quote-compare-v2-repo",
            "image_scanning_configuration": [
              {
                "scan_on_push": true
              }
            ],
            "image_tag_mutability": "MUTABLE",
            "name": "client1-quote-compare-v2-repo",
            "registry_id": "127214171089",
            "repository_url": "127214171089.dkr.ecr.us-east-1.amazonaws.com/client1-quote-compare-v2-repo",
            "tags": {
              "Client": "client1",
              "Environment": "prod",
              "ManagedBy": "terraform",
              "Name": "client1-quote-compare-v2-repo",
              "Owner": "SupplyChain",
              "Workspace": "apollo-v2"
            },
            "tags_all": {
              "Client": "client1",
              "Environment": "prod",
              "ManagedBy": "terraform",
              "Name": "client1-quote-compare-v2-repo",
              "Owner": "SupplyChain",
              "Workspace": "apollo-v2"
            },
            "timeouts": null
          },
          "sensitive_attributes": [],
          "identity_schema_version": 0,
          "private": "eyJlMmJmYjczMC1lY2FhLTExZTYtOGY4OC0zNDM2M2JjN2M0YzAiOnsiZGVsZXRlIjoxMjAwMDAwMDAwMDAwfX0="
        },
        {
          "index_key": "read-mail-inbox-v2",
          "schema_version": 0,
          "attributes": {
            "arn": "arn:aws:ecr:us-east-1:127214171089:repository/client1-read-mail-inbox-v2-repo",
            "encryption_configuration": [
              {
                "encryption_type": "AES256",
                "kms_key": ""
              }
            ],
            "force_delete": true,
            "id": "client1-read-mail-inbox-v2-repo",
            "image_scanning_configuration": [
              {
                "scan_on_push": true
              }
            ],
            "image_tag_mutability": "MUTABLE",
            "name": "client1-read-mail-inbox-v2-repo",
            "registry_id": "127214171089",
            "repository_url": "127214171089.dkr.ecr.us-east-1.amazonaws.com/client1-read-mail-inbox-v2-repo",
            "tags": {
              "Client": "client1",
              "Environment": "prod",
              "ManagedBy": "terraform",
              "Name": "client1-read-mail-inbox-v2-repo",
              "Owner": "SupplyChain",
              "Workspace": "apollo-v2"
            },
            "tags_all": {
              "Client": "client1",
              "Environment": "prod",
              "ManagedBy": "terraform",
              "Name": "client1-read-mail-inbox-v2-repo",
              "Owner": "SupplyChain",
              "Workspace": "apollo-v2"
            },
            "timeouts": null
          },
          "sensitive_attributes": [],
          "identity_schema_version": 0,
          "private": "eyJlMmJmYjczMC1lY2FhLTExZTYtOGY4OC0zNDM2M2JjN2M0YzAiOnsiZGVsZXRlIjoxMjAwMDAwMDAwMDAwfX0="
        },
        {
          "index_key": "utility-function-v2",
          "schema_version": 0,
          "attributes": {
            "arn": "arn:aws:ecr:us-east-1:127214171089:repository/client1-utility-function-v2-repo",
            "encryption_configuration": [
              {
                "encryption_type": "AES256",
                "kms_key": ""
              }
            ],
            "force_delete": true,
            "id": "client1-utility-function-v2-repo",
            "image_scanning_configuration": [
              {
                "scan_on_push": true
              }
            ],
            "image_tag_mutability": "MUTABLE",
            "name": "client1-utility-function-v2-repo",
            "registry_id": "127214171089",
            "repository_url": "127214171089.dkr.ecr.us-east-1.amazonaws.com/client1-utility-function-v2-repo",
            "tags": {
              "Client": "client1",
              "Environment": "prod",
              "ManagedBy": "terraform",
              "Name": "client1-utility-function-v2-repo",
              "Owner": "SupplyChain",
              "Workspace": "apollo-v2"
            },
            "tags_all": {
              "Client": "client1",
              "Environment": "prod",
              "ManagedBy": "terraform",
              "Name": "client1-utility-function-v2-repo",
              "Owner": "SupplyChain",
              "Workspace": "apollo-v2"
            },
            "timeouts": null
          },
          "sensitive_attributes": [],
          "identity_schema_version": 0,
          "private": "eyJlMmJmYjczMC1lY2FhLTExZTYtOGY4OC0zNDM2M2JjN2M0YzAiOnsiZGVsZXRlIjoxMjAwMDAwMDAwMDAwfX0="
        }
      ]
    },
    {
      "mode": "managed",
      "type": "aws_ecs_cluster",
      "name": "main",
      "provider": "provider[\"registry.terraform.io/hashicorp/aws\"]",
      "instances": [
        {
          "schema_version": 0,
          "attributes": {
            "arn": "arn:aws:ecs:us-east-1:127214171089:cluster/client1-prod-cluster",
            "configuration": [],
            "id": "arn:aws:ecs:us-east-1:127214171089:cluster/client1-prod-cluster",
            "name": "client1-prod-cluster",
            "service_connect_defaults": [],
            "setting": [
              {
                "name": "containerInsights",
                "value": "enabled"
              }
            ],
            "tags": {
              "Client": "client1",
              "Environment": "prod",
              "ManagedBy": "terraform",
              "Owner": "SupplyChain",
              "Workspace": "apollo-v2"
            },
            "tags_all": {
              "Client": "client1",
              "Environment": "prod",
              "ManagedBy": "terraform",
              "Owner": "SupplyChain",
              "Workspace": "apollo-v2"
            }
          },
          "sensitive_attributes": [],
          "identity_schema_version": 0,
          "private": "bnVsbA=="
        }
      ]
    },
    {
      "mode": "managed",
      "type": "aws_ecs_service",
      "name": "backend",
      "provider": "provider[\"registry.terraform.io/hashicorp/aws\"]",
      "instances": [
        {
          "schema_version": 1,
          "attributes": {
            "alarms": [],
            "availability_zone_rebalancing": "DISABLED",
            "capacity_provider_strategy": [],
            "cluster": "arn:aws:ecs:us-east-1:127214171089:cluster/client1-prod-cluster",
            "deployment_circuit_breaker": [
              {
                "enable": false,
                "rollback": false
              }
            ],
            "deployment_controller": [
              {
                "type": "ECS"
              }
            ],
            "deployment_maximum_percent": 200,
            "deployment_minimum_healthy_percent": 100,
            "desired_count": 2,
            "enable_ecs_managed_tags": false,
            "enable_execute_command": false,
            "force_delete": null,
            "force_new_deployment": null,
            "health_check_grace_period_seconds": 0,
            "iam_role": "/aws-service-role/ecs.amazonaws.com/AWSServiceRoleForECS",
            "id": "arn:aws:ecs:us-east-1:127214171089:service/client1-prod-cluster/client1-prod-service",
            "launch_type": "FARGATE",
            "load_balancer": [
              {
                "container_name": "apollo-backend",
                "container_port": 8000,
                "elb_name": "",
                "target_group_arn": "arn:aws:elasticloadbalancing:us-east-1:127214171089:targetgroup/client1-prod-tg/b12016a7b3523948"
              }
            ],
            "name": "client1-prod-service",
            "network_configuration": [
              {
                "assign_public_ip": false,
                "security_groups": [
                  "sg-0c8f76572115bbb7c"
                ],
                "subnets": [
                  "subnet-056d58bf5ee854258",
                  "subnet-08e0b09841119f56d"
                ]
              }
            ],
            "ordered_placement_strategy": [],
            "placement_constraints": [],
            "platform_version": "LATEST",
            "propagate_tags": "NONE",
            "scheduling_strategy": "REPLICA",
            "service_connect_configuration": [],
            "service_registries": [],
            "tags": {
              "Client": "client1",
              "Environment": "prod",
              "ManagedBy": "terraform",
              "Name": "client1-prod-service",
              "Owner": "SupplyChain",
              "Workspace": "apollo-v2"
            },
            "tags_all": {
              "Client": "client1",
              "Environment": "prod",
              "ManagedBy": "terraform",
              "Name": "client1-prod-service",
              "Owner": "SupplyChain",
              "Workspace": "apollo-v2"
            },
            "task_definition": "arn:aws:ecs:us-east-1:127214171089:task-definition/client1-prod-backend:6",
            "timeouts": null,
            "triggers": {},
            "volume_configuration": [],
            "vpc_lattice_configurations": [],
            "wait_for_steady_state": false
          },
          "sensitive_attributes": [],
          "identity_schema_version": 0,
          "private": "eyJlMmJmYjczMC1lY2FhLTExZTYtOGY4OC0zNDM2M2JjN2M0YzAiOnsiY3JlYXRlIjoxMjAwMDAwMDAwMDAwLCJkZWxldGUiOjEyMDAwMDAwMDAwMDAsInVwZGF0ZSI6MTIwMDAwMDAwMDAwMH0sInNjaGVtYV92ZXJzaW9uIjoiMSJ9",
          "dependencies": [
            "aws_cloudwatch_log_group.ecs",
            "aws_db_instance.postgres",
            "aws_db_subnet_group.postgres",
            "aws_ecr_repository.backend",
            "aws_ecs_cluster.main",
            "aws_ecs_task_definition.backend",
            "aws_iam_role.ecs_execution",
            "aws_iam_role.ecs_task",
            "aws_lb_target_group.backend",
            "aws_security_group.alb",
            "aws_security_group.ecs",
            "aws_security_group.lambda_db",
            "aws_security_group.rds",
            "aws_subnet.private",
            "aws_vpc.main",
            "data.aws_availability_zones.available",
            "data.aws_iam_policy_document.ecs_assume"
          ]
        }
      ]
    },
    {
      "mode": "managed",
      "type": "aws_ecs_task_definition",
      "name": "backend",
      "provider": "provider[\"registry.terraform.io/hashicorp/aws\"]",
      "instances": [
        {
          "schema_version": 1,
          "attributes": {
            "arn": "arn:aws:ecs:us-east-1:127214171089:task-definition/client1-prod-backend:6",
            "arn_without_revision": "arn:aws:ecs:us-east-1:127214171089:task-definition/client1-prod-backend",
            "container_definitions": "[{\"environment\":[{\"name\":\"ALGORITHM\",\"value\":\"HS256\"},{\"name\":\"DATABASE_URL\",\"value\":\"postgresql+asyncpg://client1:Client1Pass123@client1-prod-postgres.cqv8cisuuyq1.us-east-1.rds.amazonaws.com:5432/apollo\"},{\"name\":\"ENVIRONMENT\",\"value\":\"prod\"},{\"name\":\"LAMBDA_CORRELATION\",\"value\":\"client1-correlation-v2\"},{\"name\":\"LAMBDA_FORECAST_MODEL\",\"value\":\"client1-forecast-model-v2\"},{\"name\":\"LAMBDA_PRIVATE_DB_QUERY\",\"value\":\"client1-private_db_query\"},{\"name\":\"LAMBDA_QUOTE_COMPARE\",\"value\":\"client1-quote-compare-v2\"},{\"name\":\"LAMBDA_READ_MAIL_INBOX\",\"value\":\"client1-read-mail-inbox-v2\"},{\"name\":\"LAMBDA_UTILITY_FUNCTION\",\"value\":\"client1-utility-function-v2\"},{\"name\":\"S3_BUCKET\",\"value\":\"client1-private-fastapi\"},{\"name\":\"SECRET_KEY\",\"value\":\"client1@123\"},{\"name\":\"SESSION_SECRET_KEY\",\"value\":\"client1@123\"}],\"essential\":true,\"healthCheck\":{\"command\":[\"CMD-SHELL\",\"curl -f http://localhost:8000/health || exit 1\"],\"interval\":30,\"retries\":3,\"startPeriod\":60,\"timeout\":5},\"image\":\"127214171089.dkr.ecr.us-east-1.amazonaws.com/client1-apollo-backend:client1-prod\",\"logConfiguration\":{\"logDriver\":\"awslogs\",\"options\":{\"awslogs-group\":\"/ecs/client1-prod\",\"awslogs-region\":\"us-east-1\",\"awslogs-stream-prefix\":\"ecs\"}},\"mountPoints\":[],\"name\":\"apollo-backend\",\"portMappings\":[{\"containerPort\":8000,\"hostPort\":8000,\"protocol\":\"tcp\"}],\"systemControls\":[],\"volumesFrom\":[]}]",
            "cpu": "1024",
            "enable_fault_injection": false,
            "ephemeral_storage": [],
            "execution_role_arn": "arn:aws:iam::127214171089:role/client1-prod-ecs-execution-role",
            "family": "client1-prod-backend",
            "id": "client1-prod-backend",
            "inference_accelerator": [],
            "ipc_mode": "",
            "memory": "2048",
            "network_mode": "awsvpc",
            "pid_mode": "",
            "placement_constraints": [],
            "proxy_configuration": [],
            "requires_compatibilities": [
              "FARGATE"
            ],
            "revision": 6,
            "runtime_platform": [],
            "skip_destroy": false,
            "tags": {
              "Client": "client1",
              "Environment": "prod",
              "ManagedBy": "terraform",
              "Owner": "SupplyChain",
              "Workspace": "apollo-v2"
            },
            "tags_all": {
              "Client": "client1",
              "Environment": "prod",
              "ManagedBy": "terraform",
              "Owner": "SupplyChain",
              "Workspace": "apollo-v2"
            },
            "task_role_arn": "arn:aws:iam::127214171089:role/client1-prod-ecs-task-role",
            "track_latest": false,
            "volume": []
          },
          "sensitive_attributes": [
            [
              {
                "type": "get_attr",
                "value": "container_definitions"
              }
            ]
          ],
          "identity_schema_version": 0,
          "private": "eyJzY2hlbWFfdmVyc2lvbiI6IjEifQ==",
          "dependencies": [
            "aws_cloudwatch_log_group.ecs",
            "aws_db_instance.postgres",
            "aws_db_subnet_group.postgres",
            "aws_ecr_repository.backend",
            "aws_iam_role.ecs_execution",
            "aws_iam_role.ecs_task",
            "aws_security_group.alb",
            "aws_security_group.ecs",
            "aws_security_group.lambda_db",
            "aws_security_group.rds",
            "aws_subnet.private",
            "aws_vpc.main",
            "data.aws_availability_zones.available",
            "data.aws_iam_policy_document.ecs_assume"
          ]
        }
      ]
    },
    {
      "mode": "managed",
      "type": "aws_eip",
      "name": "nat",
      "provider": "provider[\"registry.terraform.io/hashicorp/aws\"]",
      "instances": [
        {
          "schema_version": 0,
          "attributes": {
            "address": null,
            "allocation_id": "eipalloc-0ca79cd8106c1a536",
            "arn": "arn:aws:ec2:us-east-1:127214171089:elastic-ip/eipalloc-0ca79cd8106c1a536",
            "associate_with_private_ip": null,
            "association_id": "",
            "carrier_ip": "",
            "customer_owned_ip": "",
            "customer_owned_ipv4_pool": "",
            "domain": "vpc",
            "id": "eipalloc-0ca79cd8106c1a536",
            "instance": "",
            "ipam_pool_id": null,
            "network_border_group": "us-east-1",
            "network_interface": "",
            "private_dns": null,
            "private_ip": "",
            "ptr_record": "",
            "public_dns": "ec2-98-90-160-225.compute-1.amazonaws.com",
            "public_ip": "98.90.160.225",
            "public_ipv4_pool": "amazon",
            "tags": {
              "Client": "client1",
              "Environment": "prod",
              "ManagedBy": "terraform",
              "Name": "client1-prod-nat-eip",
              "Owner": "SupplyChain",
              "Workspace": "apollo-v2"
            },
            "tags_all": {
              "Client": "client1",
              "Environment": "prod",
              "ManagedBy": "terraform",
              "Name": "client1-prod-nat-eip",
              "Owner": "SupplyChain",
              "Workspace": "apollo-v2"
            },
            "timeouts": null,
            "vpc": true
          },
          "sensitive_attributes": [],
          "identity_schema_version": 0,
          "private": "eyJlMmJmYjczMC1lY2FhLTExZTYtOGY4OC0zNDM2M2JjN2M0YzAiOnsiZGVsZXRlIjoxODAwMDAwMDAwMDAsInJlYWQiOjkwMDAwMDAwMDAwMCwidXBkYXRlIjozMDAwMDAwMDAwMDB9fQ=="
        }
      ]
    },
    {
      "mode": "managed",
      "type": "aws_iam_role",
      "name": "ecs_execution",
      "provider": "provider[\"registry.terraform.io/hashicorp/aws\"]",
      "instances": [
        {
          "schema_version": 0,
          "attributes": {
            "arn": "arn:aws:iam::127214171089:role/client1-prod-ecs-execution-role",
            "assume_role_policy": "{\"Statement\":[{\"Action\":\"sts:AssumeRole\",\"Effect\":\"Allow\",\"Principal\":{\"Service\":\"ecs-tasks.amazonaws.com\"}}],\"Version\":\"2012-10-17\"}",
            "create_date": "2025-12-04T08:36:56Z",
            "description": "",
            "force_detach_policies": false,
            "id": "client1-prod-ecs-execution-role",
            "inline_policy": [],
            "managed_policy_arns": [],
            "max_session_duration": 3600,
            "name": "client1-prod-ecs-execution-role",
            "name_prefix": "",
            "path": "/",
            "permissions_boundary": "",
            "tags": {
              "Client": "client1",
              "Environment": "prod",
              "ManagedBy": "terraform",
              "Owner": "SupplyChain",
              "Workspace": "apollo-v2"
            },
            "tags_all": {
              "Client": "client1",
              "Environment": "prod",
              "ManagedBy": "terraform",
              "Owner": "SupplyChain",
              "Workspace": "apollo-v2"
            },
            "unique_id": "AROAR3HUOGPITG3X25366"
          },
          "sensitive_attributes": [],
          "identity_schema_version": 0,
          "private": "bnVsbA==",
          "dependencies": [
            "data.aws_iam_policy_document.ecs_assume"
          ]
        }
      ]
    },
    {
      "mode": "managed",
      "type": "aws_iam_role",
      "name": "ecs_task",
      "provider": "provider[\"registry.terraform.io/hashicorp/aws\"]",
      "instances": [
        {
          "schema_version": 0,
          "attributes": {
            "arn": "arn:aws:iam::127214171089:role/client1-prod-ecs-task-role",
            "assume_role_policy": "{\"Statement\":[{\"Action\":\"sts:AssumeRole\",\"Effect\":\"Allow\",\"Principal\":{\"Service\":\"ecs-tasks.amazonaws.com\"}}],\"Version\":\"2012-10-17\"}",
            "create_date": "2025-12-04T08:36:56Z",
            "description": "",
            "force_detach_policies": false,
            "id": "client1-prod-ecs-task-role",
            "inline_policy": [],
            "managed_policy_arns": [],
            "max_session_duration": 3600,
            "name": "client1-prod-ecs-task-role",
            "name_prefix": "",
            "path": "/",
            "permissions_boundary": "",
            "tags": {
              "Client": "client1",
              "Environment": "prod",
              "ManagedBy": "terraform",
              "Owner": "SupplyChain",
              "Workspace": "apollo-v2"
            },
            "tags_all": {
              "Client": "client1",
              "Environment": "prod",
              "ManagedBy": "terraform",
              "Owner": "SupplyChain",
              "Workspace": "apollo-v2"
            },
            "unique_id": "AROAR3HUOGPIW6IBM4NBY"
          },
          "sensitive_attributes": [],
          "identity_schema_version": 0,
          "private": "bnVsbA==",
          "dependencies": [
            "data.aws_iam_policy_document.ecs_assume"
          ]
        }
      ]
    },
    {
      "mode": "managed",
      "type": "aws_iam_role",
      "name": "lambda_db",
      "provider": "provider[\"registry.terraform.io/hashicorp/aws\"]",
      "instances": [
        {
          "schema_version": 0,
          "attributes": {
            "arn": "arn:aws:iam::127214171089:role/client1-prod-lambda-db-role",
            "assume_role_policy": "{\"Statement\":[{\"Action\":\"sts:AssumeRole\",\"Effect\":\"Allow\",\"Principal\":{\"Service\":\"lambda.amazonaws.com\"}}],\"Version\":\"2012-10-17\"}",
            "create_date": "2025-12-04T08:36:56Z",
            "description": "",
            "force_detach_policies": false,
            "id": "client1-prod-lambda-db-role",
            "inline_policy": [],
            "managed_policy_arns": [],
            "max_session_duration": 3600,
            "name": "client1-prod-lambda-db-role",
            "name_prefix": "",
            "path": "/",
            "permissions_boundary": "",
            "tags": {
              "Client": "client1",
              "Environment": "prod",
              "ManagedBy": "terraform",
              "Owner": "SupplyChain",
              "Workspace": "apollo-v2"
            },
            "tags_all": {
              "Client": "client1",
              "Environment": "prod",
              "ManagedBy": "terraform",
              "Owner": "SupplyChain",
              "Workspace": "apollo-v2"
            },
            "unique_id": "AROAR3HUOGPIS7ZRUHD7P"
          },
          "sensitive_attributes": [],
          "identity_schema_version": 0,
          "private": "bnVsbA==",
          "dependencies": [
            "data.aws_iam_policy_document.lambda_assume"
          ]
        }
      ]
    },
    {
      "mode": "managed",
      "type": "aws_iam_role",
      "name": "lambda_general",
      "provider": "provider[\"registry.terraform.io/hashicorp/aws\"]",
      "instances": [
        {
          "schema_version": 0,
          "attributes": {
            "arn": "arn:aws:iam::127214171089:role/client1-prod-lambda-role",
            "assume_role_policy": "{\"Statement\":[{\"Action\":\"sts:AssumeRole\",\"Effect\":\"Allow\",\"Principal\":{\"Service\":\"lambda.amazonaws.com\"}}],\"Version\":\"2012-10-17\"}",
            "create_date": "2025-12-04T08:36:57Z",
            "description": "",
            "force_detach_policies": false,
            "id": "client1-prod-lambda-role",
            "inline_policy": [],
            "managed_policy_arns": [],
            "max_session_duration": 3600,
            "name": "client1-prod-lambda-role",
            "name_prefix": "",
            "path": "/",
            "permissions_boundary": "",
            "tags": {
              "Client": "client1",
              "Environment": "prod",
              "ManagedBy": "terraform",
              "Owner": "SupplyChain",
              "Workspace": "apollo-v2"
            },
            "tags_all": {
              "Client": "client1",
              "Environment": "prod",
              "ManagedBy": "terraform",
              "Owner": "SupplyChain",
              "Workspace": "apollo-v2"
            },
            "unique_id": "AROAR3HUOGPIXH23X5R6L"
          },
          "sensitive_attributes": [],
          "identity_schema_version": 0,
          "private": "bnVsbA==",
          "dependencies": [
            "data.aws_iam_policy_document.lambda_assume"
          ]
        }
      ]
    },
    {
      "mode": "managed",
      "type": "aws_iam_role_policy",
      "name": "lambda_db_extra",
      "provider": "provider[\"registry.terraform.io/hashicorp/aws\"]",
      "instances": [
        {
          "schema_version": 0,
          "attributes": {
            "id": "client1-prod-lambda-db-role:client1-prod-lambda-db-extra",
            "name": "client1-prod-lambda-db-extra",
            "name_prefix": "",
            "policy": "{\"Version\":\"2012-10-17\",\"Statement\":[{\"Action\":[\"secretsmanager:GetSecretValue\",\"kms:Decrypt\"],\"Effect\":\"Allow\",\"Resource\":\"*\"},{\"Action\":[\"s3:GetObject\",\"s3:PutObject\",\"s3:DeleteObject\"],\"Effect\":\"Allow\",\"Resource\":[\"arn:aws:s3:::client1-prod-etl-uploads/*\"]},{\"Action\":[\"s3:ListBucket\"],\"Effect\":\"Allow\",\"Resource\":[\"arn:aws:s3:::client1-prod-etl-uploads\"]}]}",
            "role": "client1-prod-lambda-db-role"
          },
          "sensitive_attributes": [],
          "identity_schema_version": 0,
          "private": "bnVsbA==",
          "dependencies": [
            "aws_iam_role.lambda_db",
            "aws_s3_bucket.etl_uploads",
            "data.aws_iam_policy_document.lambda_assume"
          ]
        }
      ]
    },
    {
      "mode": "managed",
      "type": "aws_iam_role_policy",
      "name": "lambda_general_extra",
      "provider": "provider[\"registry.terraform.io/hashicorp/aws\"]",
      "instances": [
        {
          "schema_version": 0,
          "attributes": {
            "id": "client1-prod-lambda-role:client1-prod-lambda-extra",
            "name": "client1-prod-lambda-extra",
            "name_prefix": "",
            "policy": "{\"Version\":\"2012-10-17\",\"Statement\":[{\"Action\":[\"s3:GetObject\",\"s3:PutObject\",\"s3:DeleteObject\",\"s3:ListBucket\"],\"Effect\":\"Allow\",\"Resource\":[\"arn:aws:s3:::client1-private-fastapi\",\"arn:aws:s3:::client1-private-fastapi/*\"]},{\"Action\":[\"lambda:InvokeFunction\"],\"Effect\":\"Allow\",\"Resource\":\"arn:aws:lambda:us-east-1:127214171089:function:client1-*\"},{\"Action\":[\"bedrock:InvokeModel\",\"bedrock:InvokeModelWithResponseStream\"],\"Effect\":\"Allow\",\"Resource\":\"*\"}]}",
            "role": "client1-prod-lambda-role"
          },
          "sensitive_attributes": [],
          "identity_schema_version": 0,
          "private": "bnVsbA==",
          "dependencies": [
            "aws_iam_role.lambda_general",
            "aws_s3_bucket.private_assets",
            "data.aws_caller_identity.current",
            "data.aws_iam_policy_document.lambda_assume"
          ]
        }
      ]
    },
    {
      "mode": "managed",
      "type": "aws_iam_role_policy_attachment",
      "name": "ecs_execution_default",
      "provider": "provider[\"registry.terraform.io/hashicorp/aws\"]",
      "instances": [
        {
          "schema_version": 0,
          "attributes": {
            "id": "client1-prod-ecs-execution-role-20251204083658245100000003",
            "policy_arn": "arn:aws:iam::aws:policy/service-role/AmazonECSTaskExecutionRolePolicy",
            "role": "client1-prod-ecs-execution-role"
          },
          "sensitive_attributes": [],
          "identity_schema_version": 0,
          "private": "bnVsbA==",
          "dependencies": [
            "aws_iam_role.ecs_execution",
            "data.aws_iam_policy_document.ecs_assume"
          ]
        }
      ]
    },
    {
      "mode": "managed",
      "type": "aws_iam_role_policy_attachment",
      "name": "lambda_db_basic",
      "provider": "provider[\"registry.terraform.io/hashicorp/aws\"]",
      "instances": [
        {
          "schema_version": 0,
          "attributes": {
            "id": "client1-prod-lambda-db-role-20251204083658058100000001",
            "policy_arn": "arn:aws:iam::aws:policy/service-role/AWSLambdaBasicExecutionRole",
            "role": "client1-prod-lambda-db-role"
          },
          "sensitive_attributes": [],
          "identity_schema_version": 0,
          "private": "bnVsbA==",
          "dependencies": [
            "aws_iam_role.lambda_db",
            "data.aws_iam_policy_document.lambda_assume"
          ]
        }
      ]
    },
    {
      "mode": "managed",
      "type": "aws_iam_role_policy_attachment",
      "name": "lambda_db_vpc",
      "provider": "provider[\"registry.terraform.io/hashicorp/aws\"]",
      "instances": [
        {
          "schema_version": 0,
          "attributes": {
            "id": "client1-prod-lambda-db-role-20251204083658204000000002",
            "policy_arn": "arn:aws:iam::aws:policy/service-role/AWSLambdaVPCAccessExecutionRole",
            "role": "client1-prod-lambda-db-role"
          },
          "sensitive_attributes": [],
          "identity_schema_version": 0,
          "private": "bnVsbA==",
          "dependencies": [
            "aws_iam_role.lambda_db",
            "data.aws_iam_policy_document.lambda_assume"
          ]
        }
      ]
    },
    {
      "mode": "managed",
      "type": "aws_iam_role_policy_attachment",
      "name": "lambda_general_basic",
      "provider": "provider[\"registry.terraform.io/hashicorp/aws\"]",
      "instances": [
        {
          "schema_version": 0,
          "attributes": {
            "id": "client1-prod-lambda-role-20251204083658754000000005",
            "policy_arn": "arn:aws:iam::aws:policy/service-role/AWSLambdaBasicExecutionRole",
            "role": "client1-prod-lambda-role"
          },
          "sensitive_attributes": [],
          "identity_schema_version": 0,
          "private": "bnVsbA==",
          "dependencies": [
            "aws_iam_role.lambda_general",
            "data.aws_iam_policy_document.lambda_assume"
          ]
        }
      ]
    },
    {
      "mode": "managed",
      "type": "aws_iam_role_policy_attachment",
      "name": "lambda_general_vpc",
      "provider": "provider[\"registry.terraform.io/hashicorp/aws\"]",
      "instances": [
        {
          "schema_version": 0,
          "attributes": {
            "id": "client1-prod-lambda-role-20251204083658713000000004",
            "policy_arn": "arn:aws:iam::aws:policy/service-role/AWSLambdaVPCAccessExecutionRole",
            "role": "client1-prod-lambda-role"
          },
          "sensitive_attributes": [],
          "identity_schema_version": 0,
          "private": "bnVsbA==",
          "dependencies": [
            "aws_iam_role.lambda_general",
            "data.aws_iam_policy_document.lambda_assume"
          ]
        }
      ]
    },
    {
      "mode": "managed",
      "type": "aws_internet_gateway",
      "name": "igw",
      "provider": "provider[\"registry.terraform.io/hashicorp/aws\"]",
      "instances": [
        {
          "schema_version": 0,
          "attributes": {
            "arn": "arn:aws:ec2:us-east-1:127214171089:internet-gateway/igw-066478c568b915739",
            "id": "igw-066478c568b915739",
            "owner_id": "127214171089",
            "tags": {
              "Client": "client1",
              "Environment": "prod",
              "ManagedBy": "terraform",
              "Name": "client1-prod-igw",
              "Owner": "SupplyChain",
              "Workspace": "apollo-v2"
            },
            "tags_all": {
              "Client": "client1",
              "Environment": "prod",
              "ManagedBy": "terraform",
              "Name": "client1-prod-igw",
              "Owner": "SupplyChain",
              "Workspace": "apollo-v2"
            },
            "timeouts": null,
            "vpc_id": "vpc-0acee1560fbe9d134"
          },
          "sensitive_attributes": [],
          "identity_schema_version": 0,
          "private": "eyJlMmJmYjczMC1lY2FhLTExZTYtOGY4OC0zNDM2M2JjN2M0YzAiOnsiY3JlYXRlIjoxMjAwMDAwMDAwMDAwLCJkZWxldGUiOjEyMDAwMDAwMDAwMDAsInVwZGF0ZSI6MTIwMDAwMDAwMDAwMH19",
          "dependencies": [
            "aws_vpc.main"
          ]
        }
      ]
    },
    {
      "mode": "managed",
      "type": "aws_lambda_function",
      "name": "serverless",
      "provider": "provider[\"registry.terraform.io/hashicorp/aws\"]",
      "instances": [
        {
          "index_key": "correlation-v2",
          "schema_version": 0,
          "attributes": {
            "architectures": [
              "x86_64"
            ],
            "arn": "arn:aws:lambda:us-east-1:127214171089:function:client1-correlation-v2",
            "code_sha256": "1c1b8cf85ddec75714261f800fa8af47699be6b2428b2071889d1d7ec0166dc2",
            "code_signing_config_arn": "",
            "dead_letter_config": [],
            "description": "",
            "environment": [
              {
                "variables": {
                  "PRIVATE_DB_QUERY_FUNCTION": "client1-private_db_query",
                  "PRIVATE_FILES_BUCKET": "client1-private-fastapi"
                }
              }
            ],
            "ephemeral_storage": [
              {
                "size": 512
              }
            ],
            "file_system_config": [],
            "filename": null,
            "function_name": "client1-correlation-v2",
            "handler": "",
            "id": "client1-correlation-v2",
            "image_config": [],
            "image_uri": "127214171089.dkr.ecr.us-east-1.amazonaws.com/client1-correlation-v2-repo:client1-prod",
            "invoke_arn": "arn:aws:apigateway:us-east-1:lambda:path/2015-03-31/functions/arn:aws:lambda:us-east-1:127214171089:function:client1-correlation-v2/invocations",
            "kms_key_arn": "",
            "last_modified": "2025-12-04T08:44:42.408+0000",
            "layers": null,
            "logging_config": [
              {
                "application_log_level": "",
                "log_format": "Text",
                "log_group": "/aws/lambda/client1-correlation-v2",
                "system_log_level": ""
              }
            ],
            "memory_size": 1024,
            "package_type": "Image",
            "publish": false,
            "qualified_arn": "arn:aws:lambda:us-east-1:127214171089:function:client1-correlation-v2:$LATEST",
            "qualified_invoke_arn": "arn:aws:apigateway:us-east-1:lambda:path/2015-03-31/functions/arn:aws:lambda:us-east-1:127214171089:function:client1-correlation-v2:$LATEST/invocations",
            "replace_security_groups_on_destroy": null,
            "replacement_security_group_ids": null,
            "reserved_concurrent_executions": -1,
            "role": "arn:aws:iam::127214171089:role/client1-prod-lambda-role",
            "runtime": "",
            "s3_bucket": null,
            "s3_key": null,
            "s3_object_version": null,
            "signing_job_arn": "",
            "signing_profile_version_arn": "",
            "skip_destroy": false,
            "snap_start": [],
            "source_code_hash": "",
            "source_code_size": 0,
            "tags": {
              "Client": "client1",
              "Environment": "prod",
              "ManagedBy": "terraform",
              "Name": "client1-correlation-v2",
              "Owner": "SupplyChain",
              "Workspace": "apollo-v2"
            },
            "tags_all": {
              "Client": "client1",
              "Environment": "prod",
              "ManagedBy": "terraform",
              "Name": "client1-correlation-v2",
              "Owner": "SupplyChain",
              "Workspace": "apollo-v2"
            },
            "timeout": 300,
            "timeouts": null,
            "tracing_config": [
              {
                "mode": "PassThrough"
              }
            ],
            "version": "$LATEST",
            "vpc_config": [
              {
                "ipv6_allowed_for_dual_stack": false,
                "security_group_ids": [
                  "sg-0dc0081d4bd643b6b"
                ],
                "subnet_ids": [
                  "subnet-056d58bf5ee854258",
                  "subnet-08e0b09841119f56d"
                ],
                "vpc_id": "vpc-0acee1560fbe9d134"
              }
            ]
          },
          "sensitive_attributes": [],
          "identity_schema_version": 0,
          "private": "eyJlMmJmYjczMC1lY2FhLTExZTYtOGY4OC0zNDM2M2JjN2M0YzAiOnsiY3JlYXRlIjo2MDAwMDAwMDAwMDAsImRlbGV0ZSI6NjAwMDAwMDAwMDAwLCJ1cGRhdGUiOjYwMDAwMDAwMDAwMH19",
          "dependencies": [
            "aws_db_instance.postgres",
            "aws_db_subnet_group.postgres",
            "aws_ecr_repository.lambda",
            "aws_iam_role.lambda_db",
            "aws_iam_role.lambda_general",
            "aws_security_group.alb",
            "aws_security_group.ecs",
            "aws_security_group.lambda_db",
            "aws_security_group.rds",
            "aws_subnet.private",
            "aws_vpc.main",
            "data.aws_availability_zones.available",
            "data.aws_iam_policy_document.lambda_assume"
          ]
        },
        {
          "index_key": "forecast-model-v2",
          "schema_version": 0,
          "attributes": {
            "architectures": [
              "x86_64"
            ],
            "arn": "arn:aws:lambda:us-east-1:127214171089:function:client1-forecast-model-v2",
            "code_sha256": "8d69e734b0ee0dc2bfc5cfc9677cb323f55ca4a098aa0b1b35cccf7e1a064f4f",
            "code_signing_config_arn": "",
            "dead_letter_config": [],
            "description": "",
            "environment": [
              {
                "variables": {
                  "PRIVATE_DB_QUERY_FUNCTION": "client1-private_db_query",
                  "PRIVATE_FILES_BUCKET": "client1-private-fastapi"
                }
              }
            ],
            "ephemeral_storage": [
              {
                "size": 512
              }
            ],
            "file_system_config": [],
            "filename": null,
            "function_name": "client1-forecast-model-v2",
            "handler": "",
            "id": "client1-forecast-model-v2",
            "image_config": [],
            "image_uri": "127214171089.dkr.ecr.us-east-1.amazonaws.com/client1-forecast-model-v2-repo:client1-prod",
            "invoke_arn": "arn:aws:apigateway:us-east-1:lambda:path/2015-03-31/functions/arn:aws:lambda:us-east-1:127214171089:function:client1-forecast-model-v2/invocations",
            "kms_key_arn": "",
            "last_modified": "2025-12-04T08:44:42.410+0000",
            "layers": null,
            "logging_config": [
              {
                "application_log_level": "",
                "log_format": "Text",
                "log_group": "/aws/lambda/client1-forecast-model-v2",
                "system_log_level": ""
              }
            ],
            "memory_size": 4096,
            "package_type": "Image",
            "publish": false,
            "qualified_arn": "arn:aws:lambda:us-east-1:127214171089:function:client1-forecast-model-v2:$LATEST",
            "qualified_invoke_arn": "arn:aws:apigateway:us-east-1:lambda:path/2015-03-31/functions/arn:aws:lambda:us-east-1:127214171089:function:client1-forecast-model-v2:$LATEST/invocations",
            "replace_security_groups_on_destroy": null,
            "replacement_security_group_ids": null,
            "reserved_concurrent_executions": -1,
            "role": "arn:aws:iam::127214171089:role/client1-prod-lambda-role",
            "runtime": "",
            "s3_bucket": null,
            "s3_key": null,
            "s3_object_version": null,
            "signing_job_arn": "",
            "signing_profile_version_arn": "",
            "skip_destroy": false,
            "snap_start": [],
            "source_code_hash": "",
            "source_code_size": 0,
            "tags": {
              "Client": "client1",
              "Environment": "prod",
              "ManagedBy": "terraform",
              "Name": "client1-forecast-model-v2",
              "Owner": "SupplyChain",
              "Workspace": "apollo-v2"
            },
            "tags_all": {
              "Client": "client1",
              "Environment": "prod",
              "ManagedBy": "terraform",
              "Name": "client1-forecast-model-v2",
              "Owner": "SupplyChain",
              "Workspace": "apollo-v2"
            },
            "timeout": 900,
            "timeouts": null,
            "tracing_config": [
              {
                "mode": "PassThrough"
              }
            ],
            "version": "$LATEST",
            "vpc_config": [
              {
                "ipv6_allowed_for_dual_stack": false,
                "security_group_ids": [
                  "sg-0dc0081d4bd643b6b"
                ],
                "subnet_ids": [
                  "subnet-056d58bf5ee854258",
                  "subnet-08e0b09841119f56d"
                ],
                "vpc_id": "vpc-0acee1560fbe9d134"
              }
            ]
          },
          "sensitive_attributes": [],
          "identity_schema_version": 0,
          "private": "eyJlMmJmYjczMC1lY2FhLTExZTYtOGY4OC0zNDM2M2JjN2M0YzAiOnsiY3JlYXRlIjo2MDAwMDAwMDAwMDAsImRlbGV0ZSI6NjAwMDAwMDAwMDAwLCJ1cGRhdGUiOjYwMDAwMDAwMDAwMH19",
          "dependencies": [
            "aws_db_instance.postgres",
            "aws_db_subnet_group.postgres",
            "aws_ecr_repository.lambda",
            "aws_iam_role.lambda_db",
            "aws_iam_role.lambda_general",
            "aws_security_group.alb",
            "aws_security_group.ecs",
            "aws_security_group.lambda_db",
            "aws_security_group.rds",
            "aws_subnet.private",
            "aws_vpc.main",
            "data.aws_availability_zones.available",
            "data.aws_iam_policy_document.lambda_assume"
          ]
        },
        {
          "index_key": "private_db_query",
          "schema_version": 0,
          "attributes": {
            "architectures": [
              "x86_64"
            ],
            "arn": "arn:aws:lambda:us-east-1:127214171089:function:client1-private_db_query",
            "code_sha256": "8d14a0ee9e6ccdc9520b9222057e0938374d25e3c797e860c7274bbd79d394d5",
            "code_signing_config_arn": "",
            "dead_letter_config": [],
            "description": "",
            "environment": [
              {
                "variables": {
                  "DB_HOST": "client1-prod-postgres.cqv8cisuuyq1.us-east-1.rds.amazonaws.com",
                  "DB_NAME": "apollo",
                  "DB_PASSWORD": "Client1Pass123",
                  "DB_PORT": "5432",
                  "DB_USER": "client1",
                  "PRIVATE_DB_QUERY_FUNCTION": "client1-private_db_query",
                  "PRIVATE_FILES_BUCKET": "client1-private-fastapi"
                }
              }
            ],
            "ephemeral_storage": [
              {
                "size": 512
              }
            ],
            "file_system_config": [],
            "filename": null,
            "function_name": "client1-private_db_query",
            "handler": "",
            "id": "client1-private_db_query",
            "image_config": [],
            "image_uri": "127214171089.dkr.ecr.us-east-1.amazonaws.com/client1-private_db_query-repo:client1-prod",
            "invoke_arn": "arn:aws:apigateway:us-east-1:lambda:path/2015-03-31/functions/arn:aws:lambda:us-east-1:127214171089:function:client1-private_db_query/invocations",
            "kms_key_arn": "",
            "last_modified": "2025-12-04T08:44:42.416+0000",
            "layers": null,
            "logging_config": [
              {
                "application_log_level": "",
                "log_format": "Text",
                "log_group": "/aws/lambda/client1-private_db_query",
                "system_log_level": ""
              }
            ],
            "memory_size": 1024,
            "package_type": "Image",
            "publish": false,
            "qualified_arn": "arn:aws:lambda:us-east-1:127214171089:function:client1-private_db_query:$LATEST",
            "qualified_invoke_arn": "arn:aws:apigateway:us-east-1:lambda:path/2015-03-31/functions/arn:aws:lambda:us-east-1:127214171089:function:client1-private_db_query:$LATEST/invocations",
            "replace_security_groups_on_destroy": null,
            "replacement_security_group_ids": null,
            "reserved_concurrent_executions": -1,
            "role": "arn:aws:iam::127214171089:role/client1-prod-lambda-db-role",
            "runtime": "",
            "s3_bucket": null,
            "s3_key": null,
            "s3_object_version": null,
            "signing_job_arn": "",
            "signing_profile_version_arn": "",
            "skip_destroy": false,
            "snap_start": [],
            "source_code_hash": "",
            "source_code_size": 0,
            "tags": {
              "Client": "client1",
              "Environment": "prod",
              "ManagedBy": "terraform",
              "Name": "client1-private_db_query",
              "Owner": "SupplyChain",
              "Workspace": "apollo-v2"
            },
            "tags_all": {
              "Client": "client1",
              "Environment": "prod",
              "ManagedBy": "terraform",
              "Name": "client1-private_db_query",
              "Owner": "SupplyChain",
              "Workspace": "apollo-v2"
            },
            "timeout": 60,
            "timeouts": null,
            "tracing_config": [
              {
                "mode": "PassThrough"
              }
            ],
            "version": "$LATEST",
            "vpc_config": [
              {
                "ipv6_allowed_for_dual_stack": false,
                "security_group_ids": [
                  "sg-0dc0081d4bd643b6b"
                ],
                "subnet_ids": [
                  "subnet-056d58bf5ee854258",
                  "subnet-08e0b09841119f56d"
                ],
                "vpc_id": "vpc-0acee1560fbe9d134"
              }
            ]
          },
          "sensitive_attributes": [
            [
              {
                "type": "get_attr",
                "value": "environment"
              },
              {
                "type": "index",
                "value": {
                  "value": 0,
                  "type": "number"
                }
              },
              {
                "type": "get_attr",
                "value": "variables"
              },
              {
                "type": "index",
                "value": {
                  "value": "DB_PASSWORD",
                  "type": "string"
                }
              }
            ]
          ],
          "identity_schema_version": 0,
          "private": "eyJlMmJmYjczMC1lY2FhLTExZTYtOGY4OC0zNDM2M2JjN2M0YzAiOnsiY3JlYXRlIjo2MDAwMDAwMDAwMDAsImRlbGV0ZSI6NjAwMDAwMDAwMDAwLCJ1cGRhdGUiOjYwMDAwMDAwMDAwMH19",
          "dependencies": [
            "aws_db_instance.postgres",
            "aws_db_subnet_group.postgres",
            "aws_ecr_repository.lambda",
            "aws_iam_role.lambda_db",
            "aws_iam_role.lambda_general",
            "aws_security_group.alb",
            "aws_security_group.ecs",
            "aws_security_group.lambda_db",
            "aws_security_group.rds",
            "aws_subnet.private",
            "aws_vpc.main",
            "data.aws_availability_zones.available",
            "data.aws_iam_policy_document.lambda_assume"
          ]
        },
        {
          "index_key": "quote-compare-v2",
          "schema_version": 0,
          "attributes": {
            "architectures": [
              "x86_64"
            ],
            "arn": "arn:aws:lambda:us-east-1:127214171089:function:client1-quote-compare-v2",
            "code_sha256": "4477eb494c3d1f37b80a3838ba684fbbb3a57666bede0c062b3aa238b9b2312c",
            "code_signing_config_arn": "",
            "dead_letter_config": [],
            "description": "",
            "environment": [
              {
                "variables": {
                  "PRIVATE_DB_QUERY_FUNCTION": "client1-private_db_query",
                  "PRIVATE_FILES_BUCKET": "client1-private-fastapi",
                  "SERPER_API_KEY": ""
                }
              }
            ],
            "ephemeral_storage": [
              {
                "size": 512
              }
            ],
            "file_system_config": [],
            "filename": null,
            "function_name": "client1-quote-compare-v2",
            "handler": "",
            "id": "client1-quote-compare-v2",
            "image_config": [],
            "image_uri": "127214171089.dkr.ecr.us-east-1.amazonaws.com/client1-quote-compare-v2-repo:client1-prod",
            "invoke_arn": "arn:aws:apigateway:us-east-1:lambda:path/2015-03-31/functions/arn:aws:lambda:us-east-1:127214171089:function:client1-quote-compare-v2/invocations",
            "kms_key_arn": "",
            "last_modified": "2025-12-04T08:44:42.421+0000",
            "layers": null,
            "logging_config": [
              {
                "application_log_level": "",
                "log_format": "Text",
                "log_group": "/aws/lambda/client1-quote-compare-v2",
                "system_log_level": ""
              }
            ],
            "memory_size": 2048,
            "package_type": "Image",
            "publish": false,
            "qualified_arn": "arn:aws:lambda:us-east-1:127214171089:function:client1-quote-compare-v2:$LATEST",
            "qualified_invoke_arn": "arn:aws:apigateway:us-east-1:lambda:path/2015-03-31/functions/arn:aws:lambda:us-east-1:127214171089:function:client1-quote-compare-v2:$LATEST/invocations",
            "replace_security_groups_on_destroy": null,
            "replacement_security_group_ids": null,
            "reserved_concurrent_executions": -1,
            "role": "arn:aws:iam::127214171089:role/client1-prod-lambda-role",
            "runtime": "",
            "s3_bucket": null,
            "s3_key": null,
            "s3_object_version": null,
            "signing_job_arn": "",
            "signing_profile_version_arn": "",
            "skip_destroy": false,
            "snap_start": [],
            "source_code_hash": "",
            "source_code_size": 0,
            "tags": {
              "Client": "client1",
              "Environment": "prod",
              "ManagedBy": "terraform",
              "Name": "client1-quote-compare-v2",
              "Owner": "SupplyChain",
              "Workspace": "apollo-v2"
            },
            "tags_all": {
              "Client": "client1",
              "Environment": "prod",
              "ManagedBy": "terraform",
              "Name": "client1-quote-compare-v2",
              "Owner": "SupplyChain",
              "Workspace": "apollo-v2"
            },
            "timeout": 900,
            "timeouts": null,
            "tracing_config": [
              {
                "mode": "PassThrough"
              }
            ],
            "version": "$LATEST",
            "vpc_config": [
              {
                "ipv6_allowed_for_dual_stack": false,
                "security_group_ids": [
                  "sg-0dc0081d4bd643b6b"
                ],
                "subnet_ids": [
                  "subnet-056d58bf5ee854258",
                  "subnet-08e0b09841119f56d"
                ],
                "vpc_id": "vpc-0acee1560fbe9d134"
              }
            ]
          },
          "sensitive_attributes": [
            [
              {
                "type": "get_attr",
                "value": "environment"
              },
              {
                "type": "index",
                "value": {
                  "value": 0,
                  "type": "number"
                }
              },
              {
                "type": "get_attr",
                "value": "variables"
              },
              {
                "type": "index",
                "value": {
                  "value": "SERPER_API_KEY",
                  "type": "string"
                }
              }
            ]
          ],
          "identity_schema_version": 0,
          "private": "eyJlMmJmYjczMC1lY2FhLTExZTYtOGY4OC0zNDM2M2JjN2M0YzAiOnsiY3JlYXRlIjo2MDAwMDAwMDAwMDAsImRlbGV0ZSI6NjAwMDAwMDAwMDAwLCJ1cGRhdGUiOjYwMDAwMDAwMDAwMH19",
          "dependencies": [
            "aws_db_instance.postgres",
            "aws_db_subnet_group.postgres",
            "aws_ecr_repository.lambda",
            "aws_iam_role.lambda_db",
            "aws_iam_role.lambda_general",
            "aws_security_group.alb",
            "aws_security_group.ecs",
            "aws_security_group.lambda_db",
            "aws_security_group.rds",
            "aws_subnet.private",
            "aws_vpc.main",
            "data.aws_availability_zones.available",
            "data.aws_iam_policy_document.lambda_assume"
          ]
        },
        {
          "index_key": "read-mail-inbox-v2",
          "schema_version": 0,
          "attributes": {
            "architectures": [
              "x86_64"
            ],
            "arn": "arn:aws:lambda:us-east-1:127214171089:function:client1-read-mail-inbox-v2",
            "code_sha256": "3a0cd1cda208dbb347f50cb668577bafa0ec56086dc6ce08c5a41ca90d622ee1",
            "code_signing_config_arn": "",
            "dead_letter_config": [],
            "description": "",
            "environment": [
              {
                "variables": {
                  "PRIVATE_DB_QUERY_FUNCTION": "client1-private_db_query",
                  "PRIVATE_FILES_BUCKET": "client1-private-fastapi"
                }
              }
            ],
            "ephemeral_storage": [
              {
                "size": 512
              }
            ],
            "file_system_config": [],
            "filename": null,
            "function_name": "client1-read-mail-inbox-v2",
            "handler": "",
            "id": "client1-read-mail-inbox-v2",
            "image_config": [],
            "image_uri": "127214171089.dkr.ecr.us-east-1.amazonaws.com/client1-read-mail-inbox-v2-repo:client1-prod",
            "invoke_arn": "arn:aws:apigateway:us-east-1:lambda:path/2015-03-31/functions/arn:aws:lambda:us-east-1:127214171089:function:client1-read-mail-inbox-v2/invocations",
            "kms_key_arn": "",
            "last_modified": "2025-12-04T08:44:42.416+0000",
            "layers": null,
            "logging_config": [
              {
                "application_log_level": "",
                "log_format": "Text",
                "log_group": "/aws/lambda/client1-read-mail-inbox-v2",
                "system_log_level": ""
              }
            ],
            "memory_size": 2048,
            "package_type": "Image",
            "publish": false,
            "qualified_arn": "arn:aws:lambda:us-east-1:127214171089:function:client1-read-mail-inbox-v2:$LATEST",
            "qualified_invoke_arn": "arn:aws:apigateway:us-east-1:lambda:path/2015-03-31/functions/arn:aws:lambda:us-east-1:127214171089:function:client1-read-mail-inbox-v2:$LATEST/invocations",
            "replace_security_groups_on_destroy": null,
            "replacement_security_group_ids": null,
            "reserved_concurrent_executions": -1,
            "role": "arn:aws:iam::127214171089:role/client1-prod-lambda-role",
            "runtime": "",
            "s3_bucket": null,
            "s3_key": null,
            "s3_object_version": null,
            "signing_job_arn": "",
            "signing_profile_version_arn": "",
            "skip_destroy": false,
            "snap_start": [],
            "source_code_hash": "",
            "source_code_size": 0,
            "tags": {
              "Client": "client1",
              "Environment": "prod",
              "ManagedBy": "terraform",
              "Name": "client1-read-mail-inbox-v2",
              "Owner": "SupplyChain",
              "Workspace": "apollo-v2"
            },
            "tags_all": {
              "Client": "client1",
              "Environment": "prod",
              "ManagedBy": "terraform",
              "Name": "client1-read-mail-inbox-v2",
              "Owner": "SupplyChain",
              "Workspace": "apollo-v2"
            },
            "timeout": 900,
            "timeouts": null,
            "tracing_config": [
              {
                "mode": "PassThrough"
              }
            ],
            "version": "$LATEST",
            "vpc_config": [
              {
                "ipv6_allowed_for_dual_stack": false,
                "security_group_ids": [
                  "sg-0dc0081d4bd643b6b"
                ],
                "subnet_ids": [
                  "subnet-056d58bf5ee854258",
                  "subnet-08e0b09841119f56d"
                ],
                "vpc_id": "vpc-0acee1560fbe9d134"
              }
            ]
          },
          "sensitive_attributes": [],
          "identity_schema_version": 0,
          "private": "eyJlMmJmYjczMC1lY2FhLTExZTYtOGY4OC0zNDM2M2JjN2M0YzAiOnsiY3JlYXRlIjo2MDAwMDAwMDAwMDAsImRlbGV0ZSI6NjAwMDAwMDAwMDAwLCJ1cGRhdGUiOjYwMDAwMDAwMDAwMH19",
          "dependencies": [
            "aws_db_instance.postgres",
            "aws_db_subnet_group.postgres",
            "aws_ecr_repository.lambda",
            "aws_iam_role.lambda_db",
            "aws_iam_role.lambda_general",
            "aws_security_group.alb",
            "aws_security_group.ecs",
            "aws_security_group.lambda_db",
            "aws_security_group.rds",
            "aws_subnet.private",
            "aws_vpc.main",
            "data.aws_availability_zones.available",
            "data.aws_iam_policy_document.lambda_assume"
          ]
        },
        {
          "index_key": "utility-function-v2",
          "schema_version": 0,
          "attributes": {
            "architectures": [
              "x86_64"
            ],
            "arn": "arn:aws:lambda:us-east-1:127214171089:function:client1-utility-function-v2",
            "code_sha256": "d69da7d5dbbe60c92da6610b702db8446c85f55b631092121d33ab2288bbb2d1",
            "code_signing_config_arn": "",
            "dead_letter_config": [],
            "description": "",
            "environment": [
              {
                "variables": {
                  "PRIVATE_DB_QUERY_FUNCTION": "client1-private_db_query",
                  "PRIVATE_FILES_BUCKET": "client1-private-fastapi",
                  "SERPER_API_KEY": ""
                }
              }
            ],
            "ephemeral_storage": [
              {
                "size": 512
              }
            ],
            "file_system_config": [],
            "filename": null,
            "function_name": "client1-utility-function-v2",
            "handler": "",
            "id": "client1-utility-function-v2",
            "image_config": [],
            "image_uri": "127214171089.dkr.ecr.us-east-1.amazonaws.com/client1-utility-function-v2-repo:client1-prod",
            "invoke_arn": "arn:aws:apigateway:us-east-1:lambda:path/2015-03-31/functions/arn:aws:lambda:us-east-1:127214171089:function:client1-utility-function-v2/invocations",
            "kms_key_arn": "",
            "last_modified": "2025-12-04T08:44:42.411+0000",
            "layers": null,
            "logging_config": [
              {
                "application_log_level": "",
                "log_format": "Text",
                "log_group": "/aws/lambda/client1-utility-function-v2",
                "system_log_level": ""
              }
            ],
            "memory_size": 2048,
            "package_type": "Image",
            "publish": false,
            "qualified_arn": "arn:aws:lambda:us-east-1:127214171089:function:client1-utility-function-v2:$LATEST",
            "qualified_invoke_arn": "arn:aws:apigateway:us-east-1:lambda:path/2015-03-31/functions/arn:aws:lambda:us-east-1:127214171089:function:client1-utility-function-v2:$LATEST/invocations",
            "replace_security_groups_on_destroy": null,
            "replacement_security_group_ids": null,
            "reserved_concurrent_executions": -1,
            "role": "arn:aws:iam::127214171089:role/client1-prod-lambda-role",
            "runtime": "",
            "s3_bucket": null,
            "s3_key": null,
            "s3_object_version": null,
            "signing_job_arn": "",
            "signing_profile_version_arn": "",
            "skip_destroy": false,
            "snap_start": [],
            "source_code_hash": "",
            "source_code_size": 0,
            "tags": {
              "Client": "client1",
              "Environment": "prod",
              "ManagedBy": "terraform",
              "Name": "client1-utility-function-v2",
              "Owner": "SupplyChain",
              "Workspace": "apollo-v2"
            },
            "tags_all": {
              "Client": "client1",
              "Environment": "prod",
              "ManagedBy": "terraform",
              "Name": "client1-utility-function-v2",
              "Owner": "SupplyChain",
              "Workspace": "apollo-v2"
            },
            "timeout": 900,
            "timeouts": null,
            "tracing_config": [
              {
                "mode": "PassThrough"
              }
            ],
            "version": "$LATEST",
            "vpc_config": [
              {
                "ipv6_allowed_for_dual_stack": false,
                "security_group_ids": [
                  "sg-0dc0081d4bd643b6b"
                ],
                "subnet_ids": [
                  "subnet-056d58bf5ee854258",
                  "subnet-08e0b09841119f56d"
                ],
                "vpc_id": "vpc-0acee1560fbe9d134"
              }
            ]
          },
          "sensitive_attributes": [
            [
              {
                "type": "get_attr",
                "value": "environment"
              },
              {
                "type": "index",
                "value": {
                  "value": 0,
                  "type": "number"
                }
              },
              {
                "type": "get_attr",
                "value": "variables"
              },
              {
                "type": "index",
                "value": {
                  "value": "SERPER_API_KEY",
                  "type": "string"
                }
              }
            ]
          ],
          "identity_schema_version": 0,
          "private": "eyJlMmJmYjczMC1lY2FhLTExZTYtOGY4OC0zNDM2M2JjN2M0YzAiOnsiY3JlYXRlIjo2MDAwMDAwMDAwMDAsImRlbGV0ZSI6NjAwMDAwMDAwMDAwLCJ1cGRhdGUiOjYwMDAwMDAwMDAwMH19",
          "dependencies": [
            "aws_db_instance.postgres",
            "aws_db_subnet_group.postgres",
            "aws_ecr_repository.lambda",
            "aws_iam_role.lambda_db",
            "aws_iam_role.lambda_general",
            "aws_security_group.alb",
            "aws_security_group.ecs",
            "aws_security_group.lambda_db",
            "aws_security_group.rds",
            "aws_subnet.private",
            "aws_vpc.main",
            "data.aws_availability_zones.available",
            "data.aws_iam_policy_document.lambda_assume"
          ]
        }
      ]
    },
    {
      "mode": "managed",
      "type": "aws_lb",
      "name": "backend",
      "provider": "provider[\"registry.terraform.io/hashicorp/aws\"]",
      "instances": [
        {
          "schema_version": 0,
          "attributes": {
            "access_logs": [
              {
                "bucket": "",
                "enabled": false,
                "prefix": ""
              }
            ],
            "arn": "arn:aws:elasticloadbalancing:us-east-1:127214171089:loadbalancer/app/client1-prod-alb/60838003c056b5c6",
            "arn_suffix": "app/client1-prod-alb/60838003c056b5c6",
            "client_keep_alive": 3600,
            "connection_logs": [
              {
                "bucket": "",
                "enabled": false,
                "prefix": ""
              }
            ],
            "customer_owned_ipv4_pool": "",
            "desync_mitigation_mode": "defensive",
            "dns_name": "client1-prod-alb-2117319920.us-east-1.elb.amazonaws.com",
            "dns_record_client_routing_policy": null,
            "drop_invalid_header_fields": false,
            "enable_cross_zone_load_balancing": true,
            "enable_deletion_protection": false,
            "enable_http2": true,
            "enable_tls_version_and_cipher_suite_headers": false,
            "enable_waf_fail_open": false,
            "enable_xff_client_port": false,
            "enable_zonal_shift": false,
            "enforce_security_group_inbound_rules_on_private_link_traffic": "",
            "id": "arn:aws:elasticloadbalancing:us-east-1:127214171089:loadbalancer/app/client1-prod-alb/60838003c056b5c6",
            "idle_timeout": 60,
            "internal": false,
            "ip_address_type": "ipv4",
            "ipam_pools": [],
            "load_balancer_type": "application",
            "minimum_load_balancer_capacity": [],
            "name": "client1-prod-alb",
            "name_prefix": "",
            "preserve_host_header": false,
            "security_groups": [
              "sg-095b8b9bce807c583"
            ],
            "subnet_mapping": [
              {
                "allocation_id": "",
                "ipv6_address": "",
                "outpost_id": "",
                "private_ipv4_address": "",
                "subnet_id": "subnet-02b389197a71e7878"
              },
              {
                "allocation_id": "",
                "ipv6_address": "",
                "outpost_id": "",
                "private_ipv4_address": "",
                "subnet_id": "subnet-07fd38b1767031f60"
              }
            ],
            "subnets": [
              "subnet-02b389197a71e7878",
              "subnet-07fd38b1767031f60"
            ],
            "tags": {
              "Client": "client1",
              "Environment": "prod",
              "ManagedBy": "terraform",
              "Name": "client1-prod-alb",
              "Owner": "SupplyChain",
              "Workspace": "apollo-v2"
            },
            "tags_all": {
              "Client": "client1",
              "Environment": "prod",
              "ManagedBy": "terraform",
              "Name": "client1-prod-alb",
              "Owner": "SupplyChain",
              "Workspace": "apollo-v2"
            },
            "timeouts": null,
            "vpc_id": "vpc-0acee1560fbe9d134",
            "xff_header_processing_mode": "append",
            "zone_id": "Z35SXDOTRQ7X7K"
          },
          "sensitive_attributes": [],
          "identity_schema_version": 0,
          "private": "eyJlMmJmYjczMC1lY2FhLTExZTYtOGY4OC0zNDM2M2JjN2M0YzAiOnsiY3JlYXRlIjo2MDAwMDAwMDAwMDAsImRlbGV0ZSI6NjAwMDAwMDAwMDAwLCJ1cGRhdGUiOjYwMDAwMDAwMDAwMH19",
          "dependencies": [
            "aws_security_group.alb",
            "aws_subnet.public",
            "aws_vpc.main",
            "data.aws_availability_zones.available"
          ]
        }
      ]
    },
    {
      "mode": "managed",
      "type": "aws_lb_listener",
      "name": "http",
      "provider": "provider[\"registry.terraform.io/hashicorp/aws\"]",
      "instances": [
        {
          "schema_version": 0,
          "attributes": {
            "alpn_policy": null,
            "arn": "arn:aws:elasticloadbalancing:us-east-1:127214171089:listener/app/client1-prod-alb/60838003c056b5c6/15232f39c8c35256",
            "certificate_arn": null,
            "default_action": [
              {
                "authenticate_cognito": [],
                "authenticate_oidc": [],
                "fixed_response": [],
                "forward": [],
                "order": 1,
                "redirect": [],
                "target_group_arn": "arn:aws:elasticloadbalancing:us-east-1:127214171089:targetgroup/client1-prod-tg/b12016a7b3523948",
                "type": "forward"
              }
            ],
            "id": "arn:aws:elasticloadbalancing:us-east-1:127214171089:listener/app/client1-prod-alb/60838003c056b5c6/15232f39c8c35256",
            "load_balancer_arn": "arn:aws:elasticloadbalancing:us-east-1:127214171089:loadbalancer/app/client1-prod-alb/60838003c056b5c6",
            "mutual_authentication": [],
            "port": 80,
            "protocol": "HTTP",
            "routing_http_request_x_amzn_mtls_clientcert_header_name": null,
            "routing_http_request_x_amzn_mtls_clientcert_issuer_header_name": null,
            "routing_http_request_x_amzn_mtls_clientcert_leaf_header_name": null,
            "routing_http_request_x_amzn_mtls_clientcert_serial_number_header_name": null,
            "routing_http_request_x_amzn_mtls_clientcert_subject_header_name": null,
            "routing_http_request_x_amzn_mtls_clientcert_validity_header_name": null,
            "routing_http_request_x_amzn_tls_cipher_suite_header_name": null,
            "routing_http_request_x_amzn_tls_version_header_name": null,
            "routing_http_response_access_control_allow_credentials_header_value": "",
            "routing_http_response_access_control_allow_headers_header_value": "",
            "routing_http_response_access_control_allow_methods_header_value": "",
            "routing_http_response_access_control_allow_origin_header_value": "",
            "routing_http_response_access_control_expose_headers_header_value": "",
            "routing_http_response_access_control_max_age_header_value": "",
            "routing_http_response_content_security_policy_header_value": "",
            "routing_http_response_server_enabled": true,
            "routing_http_response_strict_transport_security_header_value": "",
            "routing_http_response_x_content_type_options_header_value": "",
            "routing_http_response_x_frame_options_header_value": "",
            "ssl_policy": "",
            "tags": null,
            "tags_all": {},
            "tcp_idle_timeout_seconds": null,
            "timeouts": null
          },
          "sensitive_attributes": [],
          "identity_schema_version": 0,
          "private": "eyJlMmJmYjczMC1lY2FhLTExZTYtOGY4OC0zNDM2M2JjN2M0YzAiOnsiY3JlYXRlIjozMDAwMDAwMDAwMDAsInVwZGF0ZSI6MzAwMDAwMDAwMDAwfX0=",
          "dependencies": [
            "aws_lb.backend",
            "aws_lb_target_group.backend",
            "aws_security_group.alb",
            "aws_subnet.public",
            "aws_vpc.main",
            "data.aws_availability_zones.available"
          ]
        }
      ]
    },
    {
      "mode": "managed",
      "type": "aws_lb_target_group",
      "name": "backend",
      "provider": "provider[\"registry.terraform.io/hashicorp/aws\"]",
      "instances": [
        {
          "schema_version": 0,
          "attributes": {
            "arn": "arn:aws:elasticloadbalancing:us-east-1:127214171089:targetgroup/client1-prod-tg/b12016a7b3523948",
            "arn_suffix": "targetgroup/client1-prod-tg/b12016a7b3523948",
            "connection_termination": null,
            "deregistration_delay": "300",
            "health_check": [
              {
                "enabled": true,
                "healthy_threshold": 2,
                "interval": 30,
                "matcher": "200",
                "path": "/",
                "port": "traffic-port",
                "protocol": "HTTP",
                "timeout": 5,
                "unhealthy_threshold": 2
              }
            ],
            "id": "arn:aws:elasticloadbalancing:us-east-1:127214171089:targetgroup/client1-prod-tg/b12016a7b3523948",
            "ip_address_type": "ipv4",
            "lambda_multi_value_headers_enabled": false,
            "load_balancer_arns": [],
            "load_balancing_algorithm_type": "round_robin",
            "load_balancing_anomaly_mitigation": "off",
            "load_balancing_cross_zone_enabled": "use_load_balancer_configuration",
            "name": "client1-prod-tg",
            "name_prefix": "",
            "port": 8000,
            "preserve_client_ip": null,
            "protocol": "HTTP",
            "protocol_version": "HTTP1",
            "proxy_protocol_v2": false,
            "slow_start": 0,
            "stickiness": [
              {
                "cookie_duration": 86400,
                "cookie_name": "",
                "enabled": false,
                "type": "lb_cookie"
              }
            ],
            "tags": {
              "Client": "client1",
              "Environment": "prod",
              "ManagedBy": "terraform",
              "Name": "client1-prod-tg",
              "Owner": "SupplyChain",
              "Workspace": "apollo-v2"
            },
            "tags_all": {
              "Client": "client1",
              "Environment": "prod",
              "ManagedBy": "terraform",
              "Name": "client1-prod-tg",
              "Owner": "SupplyChain",
              "Workspace": "apollo-v2"
            },
            "target_failover": [
              {
                "on_deregistration": null,
                "on_unhealthy": null
              }
            ],
            "target_group_health": [
              {
                "dns_failover": [
                  {
                    "minimum_healthy_targets_count": "1",
                    "minimum_healthy_targets_percentage": "off"
                  }
                ],
                "unhealthy_state_routing": [
                  {
                    "minimum_healthy_targets_count": 1,
                    "minimum_healthy_targets_percentage": "off"
                  }
                ]
              }
            ],
            "target_health_state": [
              {
                "enable_unhealthy_connection_termination": null,
                "unhealthy_draining_interval": null
              }
            ],
            "target_type": "ip",
            "vpc_id": "vpc-0acee1560fbe9d134"
          },
          "sensitive_attributes": [],
          "identity_schema_version": 0,
          "private": "bnVsbA==",
          "dependencies": [
            "aws_vpc.main"
          ]
        }
      ]
    },
    {
      "mode": "managed",
      "type": "aws_nat_gateway",
      "name": "nat",
      "provider": "provider[\"registry.terraform.io/hashicorp/aws\"]",
      "instances": [
        {
          "schema_version": 0,
          "attributes": {
            "allocation_id": "eipalloc-0ca79cd8106c1a536",
            "association_id": "eipassoc-07c49e4f2a4103e67",
            "connectivity_type": "public",
            "id": "nat-0d95cfe5cc0729216",
            "network_interface_id": "eni-0176c1166d084e212",
            "private_ip": "10.30.0.192",
            "public_ip": "98.90.160.225",
            "secondary_allocation_ids": null,
            "secondary_private_ip_address_count": 0,
            "secondary_private_ip_addresses": [],
            "subnet_id": "subnet-02b389197a71e7878",
            "tags": {
              "Client": "client1",
              "Environment": "prod",
              "ManagedBy": "terraform",
              "Name": "client1-prod-nat",
              "Owner": "SupplyChain",
              "Workspace": "apollo-v2"
            },
            "tags_all": {
              "Client": "client1",
              "Environment": "prod",
              "ManagedBy": "terraform",
              "Name": "client1-prod-nat",
              "Owner": "SupplyChain",
              "Workspace": "apollo-v2"
            },
            "timeouts": null
          },
          "sensitive_attributes": [],
          "identity_schema_version": 0,
          "private": "eyJlMmJmYjczMC1lY2FhLTExZTYtOGY4OC0zNDM2M2JjN2M0YzAiOnsiY3JlYXRlIjo2MDAwMDAwMDAwMDAsImRlbGV0ZSI6MTgwMDAwMDAwMDAwMCwidXBkYXRlIjo2MDAwMDAwMDAwMDB9fQ==",
          "dependencies": [
            "aws_eip.nat",
            "aws_subnet.public",
            "aws_vpc.main",
            "data.aws_availability_zones.available"
          ]
        }
      ]
    },
    {
      "mode": "managed",
      "type": "aws_route_table",
      "name": "private",
      "provider": "provider[\"registry.terraform.io/hashicorp/aws\"]",
      "instances": [
        {
          "schema_version": 0,
          "attributes": {
            "arn": "arn:aws:ec2:us-east-1:127214171089:route-table/rtb-0ef18523905ca5279",
            "id": "rtb-0ef18523905ca5279",
            "owner_id": "127214171089",
            "propagating_vgws": [],
            "route": [
              {
                "carrier_gateway_id": "",
                "cidr_block": "0.0.0.0/0",
                "core_network_arn": "",
                "destination_prefix_list_id": "",
                "egress_only_gateway_id": "",
                "gateway_id": "",
                "ipv6_cidr_block": "",
                "local_gateway_id": "",
                "nat_gateway_id": "nat-0d95cfe5cc0729216",
                "network_interface_id": "",
                "transit_gateway_id": "",
                "vpc_endpoint_id": "",
                "vpc_peering_connection_id": ""
              }
            ],
            "tags": {
              "Client": "client1",
              "Environment": "prod",
              "ManagedBy": "terraform",
              "Name": "client1-prod-private-rt",
              "Owner": "SupplyChain",
              "Workspace": "apollo-v2"
            },
            "tags_all": {
              "Client": "client1",
              "Environment": "prod",
              "ManagedBy": "terraform",
              "Name": "client1-prod-private-rt",
              "Owner": "SupplyChain",
              "Workspace": "apollo-v2"
            },
            "timeouts": null,
            "vpc_id": "vpc-0acee1560fbe9d134"
          },
          "sensitive_attributes": [],
          "identity_schema_version": 0,
          "private": "eyJlMmJmYjczMC1lY2FhLTExZTYtOGY4OC0zNDM2M2JjN2M0YzAiOnsiY3JlYXRlIjozMDAwMDAwMDAwMDAsImRlbGV0ZSI6MzAwMDAwMDAwMDAwLCJ1cGRhdGUiOjEyMDAwMDAwMDAwMH19",
          "dependencies": [
            "aws_eip.nat",
            "aws_nat_gateway.nat",
            "aws_subnet.public",
            "aws_vpc.main",
            "data.aws_availability_zones.available"
          ]
        }
      ]
    },
    {
      "mode": "managed",
      "type": "aws_route_table",
      "name": "public",
      "provider": "provider[\"registry.terraform.io/hashicorp/aws\"]",
      "instances": [
        {
          "schema_version": 0,
          "attributes": {
            "arn": "arn:aws:ec2:us-east-1:127214171089:route-table/rtb-09f1dc2c6d382cdad",
            "id": "rtb-09f1dc2c6d382cdad",
            "owner_id": "127214171089",
            "propagating_vgws": [],
            "route": [
              {
                "carrier_gateway_id": "",
                "cidr_block": "0.0.0.0/0",
                "core_network_arn": "",
                "destination_prefix_list_id": "",
                "egress_only_gateway_id": "",
                "gateway_id": "igw-066478c568b915739",
                "ipv6_cidr_block": "",
                "local_gateway_id": "",
                "nat_gateway_id": "",
                "network_interface_id": "",
                "transit_gateway_id": "",
                "vpc_endpoint_id": "",
                "vpc_peering_connection_id": ""
              }
            ],
            "tags": {
              "Client": "client1",
              "Environment": "prod",
              "ManagedBy": "terraform",
              "Name": "client1-prod-public-rt",
              "Owner": "SupplyChain",
              "Workspace": "apollo-v2"
            },
            "tags_all": {
              "Client": "client1",
              "Environment": "prod",
              "ManagedBy": "terraform",
              "Name": "client1-prod-public-rt",
              "Owner": "SupplyChain",
              "Workspace": "apollo-v2"
            },
            "timeouts": null,
            "vpc_id": "vpc-0acee1560fbe9d134"
          },
          "sensitive_attributes": [],
          "identity_schema_version": 0,
          "private": "eyJlMmJmYjczMC1lY2FhLTExZTYtOGY4OC0zNDM2M2JjN2M0YzAiOnsiY3JlYXRlIjozMDAwMDAwMDAwMDAsImRlbGV0ZSI6MzAwMDAwMDAwMDAwLCJ1cGRhdGUiOjEyMDAwMDAwMDAwMH19",
          "dependencies": [
            "aws_internet_gateway.igw",
            "aws_vpc.main"
          ]
        }
      ]
    },
    {
      "mode": "managed",
      "type": "aws_route_table_association",
      "name": "private",
      "provider": "provider[\"registry.terraform.io/hashicorp/aws\"]",
      "instances": [
        {
          "index_key": "0",
          "schema_version": 0,
          "attributes": {
            "gateway_id": "",
            "id": "rtbassoc-07e0a9000cf9f6aae",
            "route_table_id": "rtb-0ef18523905ca5279",
            "subnet_id": "subnet-056d58bf5ee854258",
            "timeouts": null
          },
          "sensitive_attributes": [],
          "identity_schema_version": 0,
          "private": "eyJlMmJmYjczMC1lY2FhLTExZTYtOGY4OC0zNDM2M2JjN2M0YzAiOnsiY3JlYXRlIjozMDAwMDAwMDAwMDAsImRlbGV0ZSI6MzAwMDAwMDAwMDAwLCJ1cGRhdGUiOjEyMDAwMDAwMDAwMH19",
          "dependencies": [
            "aws_eip.nat",
            "aws_nat_gateway.nat",
            "aws_route_table.private",
            "aws_subnet.private",
            "aws_subnet.public",
            "aws_vpc.main",
            "data.aws_availability_zones.available"
          ]
        },
        {
          "index_key": "1",
          "schema_version": 0,
          "attributes": {
            "gateway_id": "",
            "id": "rtbassoc-0ece943f9df62ca0b",
            "route_table_id": "rtb-0ef18523905ca5279",
            "subnet_id": "subnet-08e0b09841119f56d",
            "timeouts": null
          },
          "sensitive_attributes": [],
          "identity_schema_version": 0,
          "private": "eyJlMmJmYjczMC1lY2FhLTExZTYtOGY4OC0zNDM2M2JjN2M0YzAiOnsiY3JlYXRlIjozMDAwMDAwMDAwMDAsImRlbGV0ZSI6MzAwMDAwMDAwMDAwLCJ1cGRhdGUiOjEyMDAwMDAwMDAwMH19",
          "dependencies": [
            "aws_eip.nat",
            "aws_nat_gateway.nat",
            "aws_route_table.private",
            "aws_subnet.private",
            "aws_subnet.public",
            "aws_vpc.main",
            "data.aws_availability_zones.available"
          ]
        }
      ]
    },
    {
      "mode": "managed",
      "type": "aws_route_table_association",
      "name": "public",
      "provider": "provider[\"registry.terraform.io/hashicorp/aws\"]",
      "instances": [
        {
          "index_key": "0",
          "schema_version": 0,
          "attributes": {
            "gateway_id": "",
            "id": "rtbassoc-028f0b70234b7efbb",
            "route_table_id": "rtb-09f1dc2c6d382cdad",
            "subnet_id": "subnet-02b389197a71e7878",
            "timeouts": null
          },
          "sensitive_attributes": [],
          "identity_schema_version": 0,
          "private": "eyJlMmJmYjczMC1lY2FhLTExZTYtOGY4OC0zNDM2M2JjN2M0YzAiOnsiY3JlYXRlIjozMDAwMDAwMDAwMDAsImRlbGV0ZSI6MzAwMDAwMDAwMDAwLCJ1cGRhdGUiOjEyMDAwMDAwMDAwMH19",
          "dependencies": [
            "aws_internet_gateway.igw",
            "aws_route_table.public",
            "aws_subnet.public",
            "aws_vpc.main",
            "data.aws_availability_zones.available"
          ]
        },
        {
          "index_key": "1",
          "schema_version": 0,
          "attributes": {
            "gateway_id": "",
            "id": "rtbassoc-05fe5558b5a3a2406",
            "route_table_id": "rtb-09f1dc2c6d382cdad",
            "subnet_id": "subnet-07fd38b1767031f60",
            "timeouts": null
          },
          "sensitive_attributes": [],
          "identity_schema_version": 0,
          "private": "eyJlMmJmYjczMC1lY2FhLTExZTYtOGY4OC0zNDM2M2JjN2M0YzAiOnsiY3JlYXRlIjozMDAwMDAwMDAwMDAsImRlbGV0ZSI6MzAwMDAwMDAwMDAwLCJ1cGRhdGUiOjEyMDAwMDAwMDAwMH19",
          "dependencies": [
            "aws_internet_gateway.igw",
            "aws_route_table.public",
            "aws_subnet.public",
            "aws_vpc.main",
            "data.aws_availability_zones.available"
          ]
        }
      ]
    },
    {
      "mode": "managed",
      "type": "aws_s3_bucket",
      "name": "etl_uploads",
      "provider": "provider[\"registry.terraform.io/hashicorp/aws\"]",
      "instances": [
        {
          "schema_version": 0,
          "attributes": {
            "acceleration_status": "",
            "acl": null,
            "arn": "arn:aws:s3:::client1-prod-etl-uploads",
            "bucket": "client1-prod-etl-uploads",
            "bucket_domain_name": "client1-prod-etl-uploads.s3.amazonaws.com",
            "bucket_prefix": "",
            "bucket_regional_domain_name": "client1-prod-etl-uploads.s3.us-east-1.amazonaws.com",
            "cors_rule": [],
            "force_destroy": true,
            "grant": [
              {
                "id": "5593b1d167333c928647f157476b31480ed593ecbac8693064856aef8051259f",
                "permissions": [
                  "FULL_CONTROL"
                ],
                "type": "CanonicalUser",
                "uri": ""
              }
            ],
            "hosted_zone_id": "Z3AQBSTGFYJSTF",
            "id": "client1-prod-etl-uploads",
            "lifecycle_rule": [],
            "logging": [],
            "object_lock_configuration": [],
            "object_lock_enabled": false,
            "policy": "",
            "region": "us-east-1",
            "replication_configuration": [],
            "request_payer": "BucketOwner",
            "server_side_encryption_configuration": [
              {
                "rule": [
                  {
                    "apply_server_side_encryption_by_default": [
                      {
                        "kms_master_key_id": "",
                        "sse_algorithm": "AES256"
                      }
                    ],
                    "bucket_key_enabled": false
                  }
                ]
              }
            ],
            "tags": {
              "Client": "client1",
              "Environment": "prod",
              "ManagedBy": "terraform",
              "Name": "client1-prod-etl-uploads",
              "Owner": "SupplyChain",
              "Workspace": "apollo-v2"
            },
            "tags_all": {
              "Client": "client1",
              "Environment": "prod",
              "ManagedBy": "terraform",
              "Name": "client1-prod-etl-uploads",
              "Owner": "SupplyChain",
              "Workspace": "apollo-v2"
            },
            "timeouts": null,
            "versioning": [
              {
                "enabled": false,
                "mfa_delete": false
              }
            ],
            "website": [],
            "website_domain": null,
            "website_endpoint": null
          },
          "sensitive_attributes": [],
          "identity_schema_version": 0,
          "private": "eyJlMmJmYjczMC1lY2FhLTExZTYtOGY4OC0zNDM2M2JjN2M0YzAiOnsiY3JlYXRlIjoxMjAwMDAwMDAwMDAwLCJkZWxldGUiOjM2MDAwMDAwMDAwMDAsInJlYWQiOjEyMDAwMDAwMDAwMDAsInVwZGF0ZSI6MTIwMDAwMDAwMDAwMH19"
        }
      ]
    },
    {
      "mode": "managed",
      "type": "aws_s3_bucket",
      "name": "frontend",
      "provider": "provider[\"registry.terraform.io/hashicorp/aws\"]",
      "instances": [
        {
          "schema_version": 0,
          "attributes": {
            "acceleration_status": "",
            "acl": null,
            "arn": "arn:aws:s3:::client1-frontend",
            "bucket": "client1-frontend",
            "bucket_domain_name": "client1-frontend.s3.amazonaws.com",
            "bucket_prefix": "",
            "bucket_regional_domain_name": "client1-frontend.s3.us-east-1.amazonaws.com",
            "cors_rule": [],
            "force_destroy": true,
            "grant": [
              {
                "id": "5593b1d167333c928647f157476b31480ed593ecbac8693064856aef8051259f",
                "permissions": [
                  "FULL_CONTROL"
                ],
                "type": "CanonicalUser",
                "uri": ""
              }
            ],
            "hosted_zone_id": "Z3AQBSTGFYJSTF",
            "id": "client1-frontend",
            "lifecycle_rule": [],
            "logging": [],
            "object_lock_configuration": [],
            "object_lock_enabled": false,
            "policy": "",
            "region": "us-east-1",
            "replication_configuration": [],
            "request_payer": "BucketOwner",
            "server_side_encryption_configuration": [
              {
                "rule": [
                  {
                    "apply_server_side_encryption_by_default": [
                      {
                        "kms_master_key_id": "",
                        "sse_algorithm": "AES256"
                      }
                    ],
                    "bucket_key_enabled": false
                  }
                ]
              }
            ],
            "tags": {
              "Client": "client1",
              "Environment": "prod",
              "ManagedBy": "terraform",
              "Name": "client1-prod-frontend",
              "Owner": "SupplyChain",
              "Workspace": "apollo-v2"
            },
            "tags_all": {
              "Client": "client1",
              "Environment": "prod",
              "ManagedBy": "terraform",
              "Name": "client1-prod-frontend",
              "Owner": "SupplyChain",
              "Workspace": "apollo-v2"
            },
            "timeouts": null,
            "versioning": [
              {
                "enabled": false,
                "mfa_delete": false
              }
            ],
            "website": [],
            "website_domain": null,
            "website_endpoint": null
          },
          "sensitive_attributes": [],
          "identity_schema_version": 0,
          "private": "eyJlMmJmYjczMC1lY2FhLTExZTYtOGY4OC0zNDM2M2JjN2M0YzAiOnsiY3JlYXRlIjoxMjAwMDAwMDAwMDAwLCJkZWxldGUiOjM2MDAwMDAwMDAwMDAsInJlYWQiOjEyMDAwMDAwMDAwMDAsInVwZGF0ZSI6MTIwMDAwMDAwMDAwMH19"
        }
      ]
    },
    {
      "mode": "managed",
      "type": "aws_s3_bucket",
      "name": "private_assets",
      "provider": "provider[\"registry.terraform.io/hashicorp/aws\"]",
      "instances": [
        {
          "schema_version": 0,
          "attributes": {
            "acceleration_status": "",
            "acl": null,
            "arn": "arn:aws:s3:::client1-private-fastapi",
            "bucket": "client1-private-fastapi",
            "bucket_domain_name": "client1-private-fastapi.s3.amazonaws.com",
            "bucket_prefix": "",
            "bucket_regional_domain_name": "client1-private-fastapi.s3.us-east-1.amazonaws.com",
            "cors_rule": [],
            "force_destroy": true,
            "grant": [
              {
                "id": "5593b1d167333c928647f157476b31480ed593ecbac8693064856aef8051259f",
                "permissions": [
                  "FULL_CONTROL"
                ],
                "type": "CanonicalUser",
                "uri": ""
              }
            ],
            "hosted_zone_id": "Z3AQBSTGFYJSTF",
            "id": "client1-private-fastapi",
            "lifecycle_rule": [],
            "logging": [],
            "object_lock_configuration": [],
            "object_lock_enabled": false,
            "policy": "",
            "region": "us-east-1",
            "replication_configuration": [],
            "request_payer": "BucketOwner",
            "server_side_encryption_configuration": [
              {
                "rule": [
                  {
                    "apply_server_side_encryption_by_default": [
                      {
                        "kms_master_key_id": "",
                        "sse_algorithm": "AES256"
                      }
                    ],
                    "bucket_key_enabled": false
                  }
                ]
              }
            ],
            "tags": {
              "Client": "client1",
              "Environment": "prod",
              "ManagedBy": "terraform",
              "Name": "client1-prod-private-assets",
              "Owner": "SupplyChain",
              "Workspace": "apollo-v2"
            },
            "tags_all": {
              "Client": "client1",
              "Environment": "prod",
              "ManagedBy": "terraform",
              "Name": "client1-prod-private-assets",
              "Owner": "SupplyChain",
              "Workspace": "apollo-v2"
            },
            "timeouts": null,
            "versioning": [
              {
                "enabled": false,
                "mfa_delete": false
              }
            ],
            "website": [],
            "website_domain": null,
            "website_endpoint": null
          },
          "sensitive_attributes": [],
          "identity_schema_version": 0,
          "private": "eyJlMmJmYjczMC1lY2FhLTExZTYtOGY4OC0zNDM2M2JjN2M0YzAiOnsiY3JlYXRlIjoxMjAwMDAwMDAwMDAwLCJkZWxldGUiOjM2MDAwMDAwMDAwMDAsInJlYWQiOjEyMDAwMDAwMDAwMDAsInVwZGF0ZSI6MTIwMDAwMDAwMDAwMH19"
        }
      ]
    },
    {
      "mode": "managed",
      "type": "aws_s3_bucket_policy",
      "name": "frontend",
      "provider": "provider[\"registry.terraform.io/hashicorp/aws\"]",
      "instances": [
        {
          "schema_version": 0,
          "attributes": {
            "bucket": "client1-frontend",
            "id": "client1-frontend",
            "policy": "{\"Statement\":[{\"Action\":\"s3:GetObject\",\"Condition\":{\"StringEquals\":{\"AWS:SourceArn\":\"arn:aws:cloudfront::127214171089:distribution/E5GB0W9L7NNEY\"}},\"Effect\":\"Allow\",\"Principal\":{\"Service\":\"cloudfront.amazonaws.com\"},\"Resource\":\"arn:aws:s3:::client1-frontend/*\",\"Sid\":\"AllowCloudFrontServicePrincipal\"}],\"Version\":\"2012-10-17\"}"
          },
          "sensitive_attributes": [],
          "identity_schema_version": 0,
          "private": "bnVsbA==",
          "dependencies": [
            "aws_cloudfront_distribution.frontend",
            "aws_cloudfront_origin_access_control.frontend",
            "aws_lb.backend",
            "aws_s3_bucket.frontend",
            "aws_security_group.alb",
            "aws_subnet.public",
            "aws_vpc.main",
            "data.aws_availability_zones.available"
          ]
        }
      ]
    },
    {
      "mode": "managed",
      "type": "aws_s3_bucket_public_access_block",
      "name": "etl_uploads",
      "provider": "provider[\"registry.terraform.io/hashicorp/aws\"]",
      "instances": [
        {
          "schema_version": 0,
          "attributes": {
            "block_public_acls": true,
            "block_public_policy": true,
            "bucket": "client1-prod-etl-uploads",
            "id": "client1-prod-etl-uploads",
            "ignore_public_acls": true,
            "restrict_public_buckets": true
          },
          "sensitive_attributes": [],
          "identity_schema_version": 0,
          "private": "bnVsbA==",
          "dependencies": [
            "aws_s3_bucket.etl_uploads"
          ]
        }
      ]
    },
    {
      "mode": "managed",
      "type": "aws_s3_bucket_public_access_block",
      "name": "frontend",
      "provider": "provider[\"registry.terraform.io/hashicorp/aws\"]",
      "instances": [
        {
          "schema_version": 0,
          "attributes": {
            "block_public_acls": true,
            "block_public_policy": true,
            "bucket": "client1-frontend",
            "id": "client1-frontend",
            "ignore_public_acls": true,
            "restrict_public_buckets": true
          },
          "sensitive_attributes": [],
          "identity_schema_version": 0,
          "private": "bnVsbA==",
          "dependencies": [
            "aws_s3_bucket.frontend"
          ]
        }
      ]
    },
    {
      "mode": "managed",
      "type": "aws_s3_bucket_public_access_block",
      "name": "private_assets",
      "provider": "provider[\"registry.terraform.io/hashicorp/aws\"]",
      "instances": [
        {
          "schema_version": 0,
          "attributes": {
            "block_public_acls": true,
            "block_public_policy": true,
            "bucket": "client1-private-fastapi",
            "id": "client1-private-fastapi",
            "ignore_public_acls": true,
            "restrict_public_buckets": true
          },
          "sensitive_attributes": [],
          "identity_schema_version": 0,
          "private": "bnVsbA==",
          "dependencies": [
            "aws_s3_bucket.private_assets"
          ]
        }
      ]
    },
    {
      "mode": "managed",
      "type": "aws_s3_bucket_server_side_encryption_configuration",
      "name": "etl_uploads",
      "provider": "provider[\"registry.terraform.io/hashicorp/aws\"]",
      "instances": [
        {
          "schema_version": 0,
          "attributes": {
            "bucket": "client1-prod-etl-uploads",
            "expected_bucket_owner": "",
            "id": "client1-prod-etl-uploads",
            "rule": [
              {
                "apply_server_side_encryption_by_default": [
                  {
                    "kms_master_key_id": "",
                    "sse_algorithm": "AES256"
                  }
                ],
                "bucket_key_enabled": null
              }
            ]
          },
          "sensitive_attributes": [],
          "identity_schema_version": 0,
          "private": "bnVsbA==",
          "dependencies": [
            "aws_s3_bucket.etl_uploads"
          ]
        }
      ]
    },
    {
      "mode": "managed",
      "type": "aws_s3_bucket_server_side_encryption_configuration",
      "name": "frontend",
      "provider": "provider[\"registry.terraform.io/hashicorp/aws\"]",
      "instances": [
        {
          "schema_version": 0,
          "attributes": {
            "bucket": "client1-frontend",
            "expected_bucket_owner": "",
            "id": "client1-frontend",
            "rule": [
              {
                "apply_server_side_encryption_by_default": [
                  {
                    "kms_master_key_id": "",
                    "sse_algorithm": "AES256"
                  }
                ],
                "bucket_key_enabled": null
              }
            ]
          },
          "sensitive_attributes": [],
          "identity_schema_version": 0,
          "private": "bnVsbA==",
          "dependencies": [
            "aws_s3_bucket.frontend"
          ]
        }
      ]
    },
    {
      "mode": "managed",
      "type": "aws_s3_bucket_server_side_encryption_configuration",
      "name": "private_assets",
      "provider": "provider[\"registry.terraform.io/hashicorp/aws\"]",
      "instances": [
        {
          "schema_version": 0,
          "attributes": {
            "bucket": "client1-private-fastapi",
            "expected_bucket_owner": "",
            "id": "client1-private-fastapi",
            "rule": [
              {
                "apply_server_side_encryption_by_default": [
                  {
                    "kms_master_key_id": "",
                    "sse_algorithm": "AES256"
                  }
                ],
                "bucket_key_enabled": null
              }
            ]
          },
          "sensitive_attributes": [],
          "identity_schema_version": 0,
          "private": "bnVsbA==",
          "dependencies": [
            "aws_s3_bucket.private_assets"
          ]
        }
      ]
    },
    {
      "mode": "managed",
      "type": "aws_s3_bucket_versioning",
      "name": "etl_uploads",
      "provider": "provider[\"registry.terraform.io/hashicorp/aws\"]",
      "instances": [
        {
          "schema_version": 0,
          "attributes": {
            "bucket": "client1-prod-etl-uploads",
            "expected_bucket_owner": "",
            "id": "client1-prod-etl-uploads",
            "mfa": null,
            "versioning_configuration": [
              {
                "mfa_delete": "",
                "status": "Enabled"
              }
            ]
          },
          "sensitive_attributes": [],
          "identity_schema_version": 0,
          "private": "bnVsbA==",
          "dependencies": [
            "aws_s3_bucket.etl_uploads"
          ]
        }
      ]
    },
    {
      "mode": "managed",
      "type": "aws_s3_bucket_versioning",
      "name": "frontend",
      "provider": "provider[\"registry.terraform.io/hashicorp/aws\"]",
      "instances": [
        {
          "schema_version": 0,
          "attributes": {
            "bucket": "client1-frontend",
            "expected_bucket_owner": "",
            "id": "client1-frontend",
            "mfa": null,
            "versioning_configuration": [
              {
                "mfa_delete": "",
                "status": "Enabled"
              }
            ]
          },
          "sensitive_attributes": [],
          "identity_schema_version": 0,
          "private": "bnVsbA==",
          "dependencies": [
            "aws_s3_bucket.frontend"
          ]
        }
      ]
    },
    {
      "mode": "managed",
      "type": "aws_s3_bucket_versioning",
      "name": "private_assets",
      "provider": "provider[\"registry.terraform.io/hashicorp/aws\"]",
      "instances": [
        {
          "schema_version": 0,
          "attributes": {
            "bucket": "client1-private-fastapi",
            "expected_bucket_owner": "",
            "id": "client1-private-fastapi",
            "mfa": null,
            "versioning_configuration": [
              {
                "mfa_delete": "",
                "status": "Enabled"
              }
            ]
          },
          "sensitive_attributes": [],
          "identity_schema_version": 0,
          "private": "bnVsbA==",
          "dependencies": [
            "aws_s3_bucket.private_assets"
          ]
        }
      ]
    },
    {
      "mode": "managed",
      "type": "aws_security_group",
      "name": "alb",
      "provider": "provider[\"registry.terraform.io/hashicorp/aws\"]",
      "instances": [
        {
          "schema_version": 1,
          "attributes": {
            "arn": "arn:aws:ec2:us-east-1:127214171089:security-group/sg-095b8b9bce807c583",
            "description": "ALB security group",
            "egress": [
              {
                "cidr_blocks": [
                  "0.0.0.0/0"
                ],
                "description": "",
                "from_port": 0,
                "ipv6_cidr_blocks": [],
                "prefix_list_ids": [],
                "protocol": "-1",
                "security_groups": [],
                "self": false,
                "to_port": 0
              }
            ],
            "id": "sg-095b8b9bce807c583",
            "ingress": [
              {
                "cidr_blocks": [
                  "0.0.0.0/0"
                ],
                "description": "",
                "from_port": 80,
                "ipv6_cidr_blocks": [],
                "prefix_list_ids": [],
                "protocol": "tcp",
                "security_groups": [],
                "self": false,
                "to_port": 80
              }
            ],
            "name": "client1-prod-alb-sg",
            "name_prefix": "",
            "owner_id": "127214171089",
            "revoke_rules_on_delete": false,
            "tags": {
              "Client": "client1",
              "Environment": "prod",
              "ManagedBy": "terraform",
              "Name": "client1-prod-alb-sg",
              "Owner": "SupplyChain",
              "Workspace": "apollo-v2"
            },
            "tags_all": {
              "Client": "client1",
              "Environment": "prod",
              "ManagedBy": "terraform",
              "Name": "client1-prod-alb-sg",
              "Owner": "SupplyChain",
              "Workspace": "apollo-v2"
            },
            "timeouts": null,
            "vpc_id": "vpc-0acee1560fbe9d134"
          },
          "sensitive_attributes": [],
          "identity_schema_version": 0,
          "private": "eyJlMmJmYjczMC1lY2FhLTExZTYtOGY4OC0zNDM2M2JjN2M0YzAiOnsiY3JlYXRlIjo2MDAwMDAwMDAwMDAsImRlbGV0ZSI6OTAwMDAwMDAwMDAwfSwic2NoZW1hX3ZlcnNpb24iOiIxIn0=",
          "dependencies": [
            "aws_vpc.main"
          ]
        }
      ]
    },
    {
      "mode": "managed",
      "type": "aws_security_group",
      "name": "ecs",
      "provider": "provider[\"registry.terraform.io/hashicorp/aws\"]",
      "instances": [
        {
          "schema_version": 1,
          "attributes": {
            "arn": "arn:aws:ec2:us-east-1:127214171089:security-group/sg-0c8f76572115bbb7c",
            "description": "ECS service security group",
            "egress": [
              {
                "cidr_blocks": [
                  "0.0.0.0/0"
                ],
                "description": "",
                "from_port": 0,
                "ipv6_cidr_blocks": [],
                "prefix_list_ids": [],
                "protocol": "-1",
                "security_groups": [],
                "self": false,
                "to_port": 0
              }
            ],
            "id": "sg-0c8f76572115bbb7c",
            "ingress": [
              {
                "cidr_blocks": [],
                "description": "Allow ALB",
                "from_port": 8000,
                "ipv6_cidr_blocks": [],
                "prefix_list_ids": [],
                "protocol": "tcp",
                "security_groups": [
                  "sg-095b8b9bce807c583"
                ],
                "self": false,
                "to_port": 8000
              }
            ],
            "name": "client1-prod-ecs-sg",
            "name_prefix": "",
            "owner_id": "127214171089",
            "revoke_rules_on_delete": false,
            "tags": {
              "Client": "client1",
              "Environment": "prod",
              "ManagedBy": "terraform",
              "Name": "client1-prod-ecs-sg",
              "Owner": "SupplyChain",
              "Workspace": "apollo-v2"
            },
            "tags_all": {
              "Client": "client1",
              "Environment": "prod",
              "ManagedBy": "terraform",
              "Name": "client1-prod-ecs-sg",
              "Owner": "SupplyChain",
              "Workspace": "apollo-v2"
            },
            "timeouts": null,
            "vpc_id": "vpc-0acee1560fbe9d134"
          },
          "sensitive_attributes": [],
          "identity_schema_version": 0,
          "private": "eyJlMmJmYjczMC1lY2FhLTExZTYtOGY4OC0zNDM2M2JjN2M0YzAiOnsiY3JlYXRlIjo2MDAwMDAwMDAwMDAsImRlbGV0ZSI6OTAwMDAwMDAwMDAwfSwic2NoZW1hX3ZlcnNpb24iOiIxIn0=",
          "dependencies": [
            "aws_security_group.alb",
            "aws_vpc.main"
          ]
        }
      ]
    },
    {
      "mode": "managed",
      "type": "aws_security_group",
      "name": "lambda_db",
      "provider": "provider[\"registry.terraform.io/hashicorp/aws\"]",
      "instances": [
        {
          "schema_version": 1,
          "attributes": {
            "arn": "arn:aws:ec2:us-east-1:127214171089:security-group/sg-0dc0081d4bd643b6b",
            "description": "Lambda security group for DB access",
            "egress": [
              {
                "cidr_blocks": [
                  "0.0.0.0/0"
                ],
                "description": "",
                "from_port": 0,
                "ipv6_cidr_blocks": [],
                "prefix_list_ids": [],
                "protocol": "-1",
                "security_groups": [],
                "self": false,
                "to_port": 0
              }
            ],
            "id": "sg-0dc0081d4bd643b6b",
            "ingress": [],
            "name": "client1-prod-lambda-db-sg",
            "name_prefix": "",
            "owner_id": "127214171089",
            "revoke_rules_on_delete": false,
            "tags": {
              "Client": "client1",
              "Environment": "prod",
              "ManagedBy": "terraform",
              "Name": "client1-prod-lambda-db-sg",
              "Owner": "SupplyChain",
              "Workspace": "apollo-v2"
            },
            "tags_all": {
              "Client": "client1",
              "Environment": "prod",
              "ManagedBy": "terraform",
              "Name": "client1-prod-lambda-db-sg",
              "Owner": "SupplyChain",
              "Workspace": "apollo-v2"
            },
            "timeouts": null,
            "vpc_id": "vpc-0acee1560fbe9d134"
          },
          "sensitive_attributes": [],
          "identity_schema_version": 0,
          "private": "eyJlMmJmYjczMC1lY2FhLTExZTYtOGY4OC0zNDM2M2JjN2M0YzAiOnsiY3JlYXRlIjo2MDAwMDAwMDAwMDAsImRlbGV0ZSI6OTAwMDAwMDAwMDAwfSwic2NoZW1hX3ZlcnNpb24iOiIxIn0=",
          "dependencies": [
            "aws_vpc.main"
          ]
        }
      ]
    },
    {
      "mode": "managed",
      "type": "aws_security_group",
      "name": "rds",
      "provider": "provider[\"registry.terraform.io/hashicorp/aws\"]",
      "instances": [
        {
          "schema_version": 1,
          "attributes": {
            "arn": "arn:aws:ec2:us-east-1:127214171089:security-group/sg-07e132cd0d7ec9ee7",
            "description": "PostgreSQL security group",
            "egress": [
              {
                "cidr_blocks": [
                  "0.0.0.0/0"
                ],
                "description": "",
                "from_port": 0,
                "ipv6_cidr_blocks": [],
                "prefix_list_ids": [],
                "protocol": "-1",
                "security_groups": [],
                "self": false,
                "to_port": 0
              }
            ],
            "id": "sg-07e132cd0d7ec9ee7",
            "ingress": [
              {
                "cidr_blocks": [],
                "description": "ECS access",
                "from_port": 5432,
                "ipv6_cidr_blocks": [],
                "prefix_list_ids": [],
                "protocol": "tcp",
                "security_groups": [
                  "sg-0c8f76572115bbb7c"
                ],
                "self": false,
                "to_port": 5432
              },
              {
                "cidr_blocks": [],
                "description": "Lambda access",
                "from_port": 5432,
                "ipv6_cidr_blocks": [],
                "prefix_list_ids": [],
                "protocol": "tcp",
                "security_groups": [
                  "sg-0dc0081d4bd643b6b"
                ],
                "self": false,
                "to_port": 5432
              }
            ],
            "name": "client1-prod-rds-sg",
            "name_prefix": "",
            "owner_id": "127214171089",
            "revoke_rules_on_delete": false,
            "tags": {
              "Client": "client1",
              "Environment": "prod",
              "ManagedBy": "terraform",
              "Name": "client1-prod-rds-sg",
              "Owner": "SupplyChain",
              "Workspace": "apollo-v2"
            },
            "tags_all": {
              "Client": "client1",
              "Environment": "prod",
              "ManagedBy": "terraform",
              "Name": "client1-prod-rds-sg",
              "Owner": "SupplyChain",
              "Workspace": "apollo-v2"
            },
            "timeouts": null,
            "vpc_id": "vpc-0acee1560fbe9d134"
          },
          "sensitive_attributes": [],
          "identity_schema_version": 0,
          "private": "eyJlMmJmYjczMC1lY2FhLTExZTYtOGY4OC0zNDM2M2JjN2M0YzAiOnsiY3JlYXRlIjo2MDAwMDAwMDAwMDAsImRlbGV0ZSI6OTAwMDAwMDAwMDAwfSwic2NoZW1hX3ZlcnNpb24iOiIxIn0=",
          "dependencies": [
            "aws_security_group.alb",
            "aws_security_group.ecs",
            "aws_security_group.lambda_db",
            "aws_vpc.main"
          ]
        }
      ]
    },
    {
      "mode": "managed",
      "type": "aws_security_group",
      "name": "vpc_endpoints",
      "provider": "provider[\"registry.terraform.io/hashicorp/aws\"]",
      "instances": [
        {
          "schema_version": 1,
          "attributes": {
            "arn": "arn:aws:ec2:us-east-1:127214171089:security-group/sg-0705a764da4e70aca",
            "description": "Security group for VPC endpoints (Bedrock, Lambda, etc.)",
            "egress": [
              {
                "cidr_blocks": [
                  "0.0.0.0/0"
                ],
                "description": "",
                "from_port": 0,
                "ipv6_cidr_blocks": [],
                "prefix_list_ids": [],
                "protocol": "-1",
                "security_groups": [],
                "self": false,
                "to_port": 0
              }
            ],
            "id": "sg-0705a764da4e70aca",
            "ingress": [
              {
                "cidr_blocks": [],
                "description": "HTTPS from ECS",
                "from_port": 443,
                "ipv6_cidr_blocks": [],
                "prefix_list_ids": [],
                "protocol": "tcp",
                "security_groups": [
                  "sg-0c8f76572115bbb7c"
                ],
                "self": false,
                "to_port": 443
              },
              {
                "cidr_blocks": [],
                "description": "HTTPS from Lambda",
                "from_port": 443,
                "ipv6_cidr_blocks": [],
                "prefix_list_ids": [],
                "protocol": "tcp",
                "security_groups": [
                  "sg-0dc0081d4bd643b6b"
                ],
                "self": false,
                "to_port": 443
              }
            ],
            "name": "client1-prod-vpc-endpoints-sg",
            "name_prefix": "",
            "owner_id": "127214171089",
            "revoke_rules_on_delete": false,
            "tags": {
              "Client": "client1",
              "Environment": "prod",
              "ManagedBy": "terraform",
              "Name": "client1-prod-vpc-endpoints-sg",
              "Owner": "SupplyChain",
              "Workspace": "apollo-v2"
            },
            "tags_all": {
              "Client": "client1",
              "Environment": "prod",
              "ManagedBy": "terraform",
              "Name": "client1-prod-vpc-endpoints-sg",
              "Owner": "SupplyChain",
              "Workspace": "apollo-v2"
            },
            "timeouts": null,
            "vpc_id": "vpc-0acee1560fbe9d134"
          },
          "sensitive_attributes": [],
          "identity_schema_version": 0,
          "private": "eyJlMmJmYjczMC1lY2FhLTExZTYtOGY4OC0zNDM2M2JjN2M0YzAiOnsiY3JlYXRlIjo2MDAwMDAwMDAwMDAsImRlbGV0ZSI6OTAwMDAwMDAwMDAwfSwic2NoZW1hX3ZlcnNpb24iOiIxIn0=",
          "dependencies": [
            "aws_security_group.alb",
            "aws_security_group.ecs",
            "aws_security_group.lambda_db",
            "aws_vpc.main"
          ]
        }
      ]
    },
    {
      "mode": "managed",
      "type": "aws_subnet",
      "name": "private",
      "provider": "provider[\"registry.terraform.io/hashicorp/aws\"]",
      "instances": [
        {
          "index_key": "0",
          "schema_version": 1,
          "attributes": {
            "arn": "arn:aws:ec2:us-east-1:127214171089:subnet/subnet-056d58bf5ee854258",
            "assign_ipv6_address_on_creation": false,
            "availability_zone": "us-east-1a",
            "availability_zone_id": "use1-az1",
            "cidr_block": "10.30.10.0/24",
            "customer_owned_ipv4_pool": "",
            "enable_dns64": false,
            "enable_lni_at_device_index": 0,
            "enable_resource_name_dns_a_record_on_launch": false,
            "enable_resource_name_dns_aaaa_record_on_launch": false,
            "id": "subnet-056d58bf5ee854258",
            "ipv6_cidr_block": "",
            "ipv6_cidr_block_association_id": "",
            "ipv6_native": false,
            "map_customer_owned_ip_on_launch": false,
            "map_public_ip_on_launch": false,
            "outpost_arn": "",
            "owner_id": "127214171089",
            "private_dns_hostname_type_on_launch": "ip-name",
            "tags": {
              "Client": "client1",
              "Environment": "prod",
              "ManagedBy": "terraform",
              "Name": "client1-prod-private-0",
              "Owner": "SupplyChain",
              "Workspace": "apollo-v2"
            },
            "tags_all": {
              "Client": "client1",
              "Environment": "prod",
              "ManagedBy": "terraform",
              "Name": "client1-prod-private-0",
              "Owner": "SupplyChain",
              "Workspace": "apollo-v2"
            },
            "timeouts": null,
            "vpc_id": "vpc-0acee1560fbe9d134"
          },
          "sensitive_attributes": [],
          "identity_schema_version": 0,
          "private": "eyJlMmJmYjczMC1lY2FhLTExZTYtOGY4OC0zNDM2M2JjN2M0YzAiOnsiY3JlYXRlIjo2MDAwMDAwMDAwMDAsImRlbGV0ZSI6MTIwMDAwMDAwMDAwMH0sInNjaGVtYV92ZXJzaW9uIjoiMSJ9",
          "dependencies": [
            "aws_vpc.main",
            "data.aws_availability_zones.available"
          ]
        },
        {
          "index_key": "1",
          "schema_version": 1,
          "attributes": {
            "arn": "arn:aws:ec2:us-east-1:127214171089:subnet/subnet-08e0b09841119f56d",
            "assign_ipv6_address_on_creation": false,
            "availability_zone": "us-east-1b",
            "availability_zone_id": "use1-az2",
            "cidr_block": "10.30.11.0/24",
            "customer_owned_ipv4_pool": "",
            "enable_dns64": false,
            "enable_lni_at_device_index": 0,
            "enable_resource_name_dns_a_record_on_launch": false,
            "enable_resource_name_dns_aaaa_record_on_launch": false,
            "id": "subnet-08e0b09841119f56d",
            "ipv6_cidr_block": "",
            "ipv6_cidr_block_association_id": "",
            "ipv6_native": false,
            "map_customer_owned_ip_on_launch": false,
            "map_public_ip_on_launch": false,
            "outpost_arn": "",
            "owner_id": "127214171089",
            "private_dns_hostname_type_on_launch": "ip-name",
            "tags": {
              "Client": "client1",
              "Environment": "prod",
              "ManagedBy": "terraform",
              "Name": "client1-prod-private-1",
              "Owner": "SupplyChain",
              "Workspace": "apollo-v2"
            },
            "tags_all": {
              "Client": "client1",
              "Environment": "prod",
              "ManagedBy": "terraform",
              "Name": "client1-prod-private-1",
              "Owner": "SupplyChain",
              "Workspace": "apollo-v2"
            },
            "timeouts": null,
            "vpc_id": "vpc-0acee1560fbe9d134"
          },
          "sensitive_attributes": [],
          "identity_schema_version": 0,
          "private": "eyJlMmJmYjczMC1lY2FhLTExZTYtOGY4OC0zNDM2M2JjN2M0YzAiOnsiY3JlYXRlIjo2MDAwMDAwMDAwMDAsImRlbGV0ZSI6MTIwMDAwMDAwMDAwMH0sInNjaGVtYV92ZXJzaW9uIjoiMSJ9",
          "dependencies": [
            "aws_vpc.main",
            "data.aws_availability_zones.available"
          ]
        }
      ]
    },
    {
      "mode": "managed",
      "type": "aws_subnet",
      "name": "public",
      "provider": "provider[\"registry.terraform.io/hashicorp/aws\"]",
      "instances": [
        {
          "index_key": "0",
          "schema_version": 1,
          "attributes": {
            "arn": "arn:aws:ec2:us-east-1:127214171089:subnet/subnet-02b389197a71e7878",
            "assign_ipv6_address_on_creation": false,
            "availability_zone": "us-east-1a",
            "availability_zone_id": "use1-az1",
            "cidr_block": "10.30.0.0/24",
            "customer_owned_ipv4_pool": "",
            "enable_dns64": false,
            "enable_lni_at_device_index": 0,
            "enable_resource_name_dns_a_record_on_launch": false,
            "enable_resource_name_dns_aaaa_record_on_launch": false,
            "id": "subnet-02b389197a71e7878",
            "ipv6_cidr_block": "",
            "ipv6_cidr_block_association_id": "",
            "ipv6_native": false,
            "map_customer_owned_ip_on_launch": false,
            "map_public_ip_on_launch": true,
            "outpost_arn": "",
            "owner_id": "127214171089",
            "private_dns_hostname_type_on_launch": "ip-name",
            "tags": {
              "Client": "client1",
              "Environment": "prod",
              "ManagedBy": "terraform",
              "Name": "client1-prod-public-0",
              "Owner": "SupplyChain",
              "Workspace": "apollo-v2"
            },
            "tags_all": {
              "Client": "client1",
              "Environment": "prod",
              "ManagedBy": "terraform",
              "Name": "client1-prod-public-0",
              "Owner": "SupplyChain",
              "Workspace": "apollo-v2"
            },
            "timeouts": null,
            "vpc_id": "vpc-0acee1560fbe9d134"
          },
          "sensitive_attributes": [],
          "identity_schema_version": 0,
          "private": "eyJlMmJmYjczMC1lY2FhLTExZTYtOGY4OC0zNDM2M2JjN2M0YzAiOnsiY3JlYXRlIjo2MDAwMDAwMDAwMDAsImRlbGV0ZSI6MTIwMDAwMDAwMDAwMH0sInNjaGVtYV92ZXJzaW9uIjoiMSJ9",
          "dependencies": [
            "aws_vpc.main",
            "data.aws_availability_zones.available"
          ]
        },
        {
          "index_key": "1",
          "schema_version": 1,
          "attributes": {
            "arn": "arn:aws:ec2:us-east-1:127214171089:subnet/subnet-07fd38b1767031f60",
            "assign_ipv6_address_on_creation": false,
            "availability_zone": "us-east-1b",
            "availability_zone_id": "use1-az2",
            "cidr_block": "10.30.1.0/24",
            "customer_owned_ipv4_pool": "",
            "enable_dns64": false,
            "enable_lni_at_device_index": 0,
            "enable_resource_name_dns_a_record_on_launch": false,
            "enable_resource_name_dns_aaaa_record_on_launch": false,
            "id": "subnet-07fd38b1767031f60",
            "ipv6_cidr_block": "",
            "ipv6_cidr_block_association_id": "",
            "ipv6_native": false,
            "map_customer_owned_ip_on_launch": false,
            "map_public_ip_on_launch": true,
            "outpost_arn": "",
            "owner_id": "127214171089",
            "private_dns_hostname_type_on_launch": "ip-name",
            "tags": {
              "Client": "client1",
              "Environment": "prod",
              "ManagedBy": "terraform",
              "Name": "client1-prod-public-1",
              "Owner": "SupplyChain",
              "Workspace": "apollo-v2"
            },
            "tags_all": {
              "Client": "client1",
              "Environment": "prod",
              "ManagedBy": "terraform",
              "Name": "client1-prod-public-1",
              "Owner": "SupplyChain",
              "Workspace": "apollo-v2"
            },
            "timeouts": null,
            "vpc_id": "vpc-0acee1560fbe9d134"
          },
          "sensitive_attributes": [],
          "identity_schema_version": 0,
          "private": "eyJlMmJmYjczMC1lY2FhLTExZTYtOGY4OC0zNDM2M2JjN2M0YzAiOnsiY3JlYXRlIjo2MDAwMDAwMDAwMDAsImRlbGV0ZSI6MTIwMDAwMDAwMDAwMH0sInNjaGVtYV92ZXJzaW9uIjoiMSJ9",
          "dependencies": [
            "aws_vpc.main",
            "data.aws_availability_zones.available"
          ]
        }
      ]
    },
    {
      "mode": "managed",
      "type": "aws_vpc",
      "name": "main",
      "provider": "provider[\"registry.terraform.io/hashicorp/aws\"]",
      "instances": [
        {
          "schema_version": 1,
          "attributes": {
            "arn": "arn:aws:ec2:us-east-1:127214171089:vpc/vpc-0acee1560fbe9d134",
            "assign_generated_ipv6_cidr_block": false,
            "cidr_block": "10.30.0.0/16",
            "default_network_acl_id": "acl-0afb80aaceffbcf19",
            "default_route_table_id": "rtb-0e09ce5e564828af7",
            "default_security_group_id": "sg-0e1327801b4e94aa2",
            "dhcp_options_id": "dopt-07871cf1c053d5715",
            "enable_dns_hostnames": true,
            "enable_dns_support": true,
            "enable_network_address_usage_metrics": false,
            "id": "vpc-0acee1560fbe9d134",
            "instance_tenancy": "default",
            "ipv4_ipam_pool_id": null,
            "ipv4_netmask_length": null,
            "ipv6_association_id": "",
            "ipv6_cidr_block": "",
            "ipv6_cidr_block_network_border_group": "",
            "ipv6_ipam_pool_id": "",
            "ipv6_netmask_length": 0,
            "main_route_table_id": "rtb-0e09ce5e564828af7",
            "owner_id": "127214171089",
            "tags": {
              "Client": "client1",
              "Environment": "prod",
              "ManagedBy": "terraform",
              "Name": "client1-prod-vpc",
              "Owner": "SupplyChain",
              "Workspace": "apollo-v2"
            },
            "tags_all": {
              "Client": "client1",
              "Environment": "prod",
              "ManagedBy": "terraform",
              "Name": "client1-prod-vpc",
              "Owner": "SupplyChain",
              "Workspace": "apollo-v2"
            }
          },
          "sensitive_attributes": [],
          "identity_schema_version": 0,
          "private": "eyJzY2hlbWFfdmVyc2lvbiI6IjEifQ=="
        }
      ]
    },
    {
      "mode": "managed",
      "type": "aws_vpc_endpoint",
      "name": "bedrock_runtime",
      "provider": "provider[\"registry.terraform.io/hashicorp/aws\"]",
      "instances": [
        {
          "schema_version": 0,
          "attributes": {
            "arn": "arn:aws:ec2:us-east-1:127214171089:vpc-endpoint/vpce-02a43c28a6105c41b",
            "auto_accept": null,
            "cidr_blocks": [],
            "dns_entry": [
              {
                "dns_name": "vpce-02a43c28a6105c41b-zu7pwdz0.bedrock-runtime.us-east-1.vpce.amazonaws.com",
                "hosted_zone_id": "Z7HUB22UULQXV"
              },
              {
                "dns_name": "vpce-02a43c28a6105c41b-zu7pwdz0-us-east-1b.bedrock-runtime.us-east-1.vpce.amazonaws.com",
                "hosted_zone_id": "Z7HUB22UULQXV"
              },
              {
                "dns_name": "vpce-02a43c28a6105c41b-zu7pwdz0-us-east-1a.bedrock-runtime.us-east-1.vpce.amazonaws.com",
                "hosted_zone_id": "Z7HUB22UULQXV"
              },
              {
                "dns_name": "bedrock-runtime.us-east-1.amazonaws.com",
                "hosted_zone_id": "Z09734632TB1Y5I9D52KB"
              }
            ],
            "dns_options": [
              {
                "dns_record_ip_type": "ipv4",
                "private_dns_only_for_inbound_resolver_endpoint": false
              }
            ],
            "id": "vpce-02a43c28a6105c41b",
            "ip_address_type": "ipv4",
            "network_interface_ids": [
              "eni-0e5a8bb6316b89f1d",
              "eni-0ed8ce17768eb3cdb"
            ],
            "owner_id": "127214171089",
            "policy": "{\"Statement\":[{\"Action\":\"*\",\"Effect\":\"Allow\",\"Principal\":\"*\",\"Resource\":\"*\"}]}",
            "prefix_list_id": null,
            "private_dns_enabled": true,
            "requester_managed": false,
            "resource_configuration_arn": "",
            "route_table_ids": [],
            "security_group_ids": [
              "sg-0705a764da4e70aca"
            ],
            "service_name": "com.amazonaws.us-east-1.bedrock-runtime",
            "service_network_arn": "",
            "service_region": "us-east-1",
            "state": "available",
            "subnet_configuration": [
              {
                "ipv4": "10.30.10.249",
                "ipv6": "",
                "subnet_id": "subnet-056d58bf5ee854258"
              },
              {
                "ipv4": "10.30.11.87",
                "ipv6": "",
                "subnet_id": "subnet-08e0b09841119f56d"
              }
            ],
            "subnet_ids": [
              "subnet-056d58bf5ee854258",
              "subnet-08e0b09841119f56d"
            ],
            "tags": {
              "Client": "client1",
              "Environment": "prod",
              "ManagedBy": "terraform",
              "Name": "client1-prod-bedrock-runtime-endpoint",
              "Owner": "SupplyChain",
              "Workspace": "apollo-v2"
            },
            "tags_all": {
              "Client": "client1",
              "Environment": "prod",
              "ManagedBy": "terraform",
              "Name": "client1-prod-bedrock-runtime-endpoint",
              "Owner": "SupplyChain",
              "Workspace": "apollo-v2"
            },
            "timeouts": null,
            "vpc_endpoint_type": "Interface",
            "vpc_id": "vpc-0acee1560fbe9d134"
          },
          "sensitive_attributes": [],
          "identity_schema_version": 0,
          "private": "eyJlMmJmYjczMC1lY2FhLTExZTYtOGY4OC0zNDM2M2JjN2M0YzAiOnsiY3JlYXRlIjo2MDAwMDAwMDAwMDAsImRlbGV0ZSI6NjAwMDAwMDAwMDAwLCJ1cGRhdGUiOjYwMDAwMDAwMDAwMH19",
          "dependencies": [
            "aws_security_group.alb",
            "aws_security_group.ecs",
            "aws_security_group.lambda_db",
            "aws_security_group.vpc_endpoints",
            "aws_subnet.private",
            "aws_vpc.main",
            "data.aws_availability_zones.available"
          ]
        }
      ]
    },
    {
      "mode": "managed",
      "type": "aws_vpc_endpoint",
      "name": "lambda",
      "provider": "provider[\"registry.terraform.io/hashicorp/aws\"]",
      "instances": [
        {
          "schema_version": 0,
          "attributes": {
            "arn": "arn:aws:ec2:us-east-1:127214171089:vpc-endpoint/vpce-0b0e9c54ee00648d9",
            "auto_accept": null,
            "cidr_blocks": [],
            "dns_entry": [
              {
                "dns_name": "vpce-0b0e9c54ee00648d9-hqjnuhnv.lambda.us-east-1.vpce.amazonaws.com",
                "hosted_zone_id": "Z7HUB22UULQXV"
              },
              {
                "dns_name": "vpce-0b0e9c54ee00648d9-hqjnuhnv-us-east-1a.lambda.us-east-1.vpce.amazonaws.com",
                "hosted_zone_id": "Z7HUB22UULQXV"
              },
              {
                "dns_name": "vpce-0b0e9c54ee00648d9-hqjnuhnv-us-east-1b.lambda.us-east-1.vpce.amazonaws.com",
                "hosted_zone_id": "Z7HUB22UULQXV"
              },
              {
                "dns_name": "lambda.us-east-1.amazonaws.com",
                "hosted_zone_id": "Z0970475161RUH8NCWT8W"
              },
              {
                "dns_name": "lambda.us-east-1.api.aws",
                "hosted_zone_id": "Z09695113NMQSUGGEP6ZU"
              }
            ],
            "dns_options": [
              {
                "dns_record_ip_type": "ipv4",
                "private_dns_only_for_inbound_resolver_endpoint": false
              }
            ],
            "id": "vpce-0b0e9c54ee00648d9",
            "ip_address_type": "ipv4",
            "network_interface_ids": [
              "eni-035155a58251a50a0",
              "eni-07e03612484f352dc"
            ],
            "owner_id": "127214171089",
            "policy": "{\"Statement\":[{\"Action\":\"*\",\"Effect\":\"Allow\",\"Principal\":\"*\",\"Resource\":\"*\"}]}",
            "prefix_list_id": null,
            "private_dns_enabled": true,
            "requester_managed": false,
            "resource_configuration_arn": "",
            "route_table_ids": [],
            "security_group_ids": [
              "sg-0705a764da4e70aca"
            ],
            "service_name": "com.amazonaws.us-east-1.lambda",
            "service_network_arn": "",
            "service_region": "us-east-1",
            "state": "available",
            "subnet_configuration": [
              {
                "ipv4": "10.30.10.234",
                "ipv6": "",
                "subnet_id": "subnet-056d58bf5ee854258"
              },
              {
                "ipv4": "10.30.11.225",
                "ipv6": "",
                "subnet_id": "subnet-08e0b09841119f56d"
              }
            ],
            "subnet_ids": [
              "subnet-056d58bf5ee854258",
              "subnet-08e0b09841119f56d"
            ],
            "tags": {
              "Client": "client1",
              "Environment": "prod",
              "ManagedBy": "terraform",
              "Name": "client1-prod-lambda-endpoint",
              "Owner": "SupplyChain",
              "Workspace": "apollo-v2"
            },
            "tags_all": {
              "Client": "client1",
              "Environment": "prod",
              "ManagedBy": "terraform",
              "Name": "client1-prod-lambda-endpoint",
              "Owner": "SupplyChain",
              "Workspace": "apollo-v2"
            },
            "timeouts": null,
            "vpc_endpoint_type": "Interface",
            "vpc_id": "vpc-0acee1560fbe9d134"
          },
          "sensitive_attributes": [],
          "identity_schema_version": 0,
          "private": "eyJlMmJmYjczMC1lY2FhLTExZTYtOGY4OC0zNDM2M2JjN2M0YzAiOnsiY3JlYXRlIjo2MDAwMDAwMDAwMDAsImRlbGV0ZSI6NjAwMDAwMDAwMDAwLCJ1cGRhdGUiOjYwMDAwMDAwMDAwMH19",
          "dependencies": [
            "aws_security_group.alb",
            "aws_security_group.ecs",
            "aws_security_group.lambda_db",
            "aws_security_group.vpc_endpoints",
            "aws_subnet.private",
            "aws_vpc.main",
            "data.aws_availability_zones.available"
          ]
        }
      ]
    },
    {
      "mode": "managed",
      "type": "aws_vpc_endpoint",
      "name": "logs",
      "provider": "provider[\"registry.terraform.io/hashicorp/aws\"]",
      "instances": [
        {
          "schema_version": 0,
          "attributes": {
            "arn": "arn:aws:ec2:us-east-1:127214171089:vpc-endpoint/vpce-0b50f5a6ff1fd4af2",
            "auto_accept": null,
            "cidr_blocks": [],
            "dns_entry": [
              {
                "dns_name": "vpce-0b50f5a6ff1fd4af2-xz6urij3.logs.us-east-1.vpce.amazonaws.com",
                "hosted_zone_id": "Z7HUB22UULQXV"
              },
              {
                "dns_name": "vpce-0b50f5a6ff1fd4af2-xz6urij3-us-east-1a.logs.us-east-1.vpce.amazonaws.com",
                "hosted_zone_id": "Z7HUB22UULQXV"
              },
              {
                "dns_name": "vpce-0b50f5a6ff1fd4af2-xz6urij3-us-east-1b.logs.us-east-1.vpce.amazonaws.com",
                "hosted_zone_id": "Z7HUB22UULQXV"
              },
              {
                "dns_name": "logs.us-east-1.amazonaws.com",
                "hosted_zone_id": "Z03948981V988KE6EDSJA"
              },
              {
                "dns_name": "streaming-logs.us-east-1.amazonaws.com",
                "hosted_zone_id": "Z039489726SKYL3C5E0QC"
              },
              {
                "dns_name": "streaming-logs.us-east-1.api.aws",
                "hosted_zone_id": "Z03984872GM8W9GOTQFDR"
              },
              {
                "dns_name": "logs.us-east-1.api.aws",
                "hosted_zone_id": "Z03986853699AO073AV9W"
              }
            ],
            "dns_options": [
              {
                "dns_record_ip_type": "ipv4",
                "private_dns_only_for_inbound_resolver_endpoint": false
              }
            ],
            "id": "vpce-0b50f5a6ff1fd4af2",
            "ip_address_type": "ipv4",
            "network_interface_ids": [
              "eni-0543b4f7c3bb5259b",
              "eni-0635770da84ff5b02"
            ],
            "owner_id": "127214171089",
            "policy": "{\"Statement\":[{\"Action\":\"*\",\"Effect\":\"Allow\",\"Principal\":\"*\",\"Resource\":\"*\"}]}",
            "prefix_list_id": null,
            "private_dns_enabled": true,
            "requester_managed": false,
            "resource_configuration_arn": "",
            "route_table_ids": [],
            "security_group_ids": [
              "sg-0705a764da4e70aca"
            ],
            "service_name": "com.amazonaws.us-east-1.logs",
            "service_network_arn": "",
            "service_region": "us-east-1",
            "state": "available",
            "subnet_configuration": [
              {
                "ipv4": "10.30.10.252",
                "ipv6": "",
                "subnet_id": "subnet-056d58bf5ee854258"
              },
              {
                "ipv4": "10.30.11.52",
                "ipv6": "",
                "subnet_id": "subnet-08e0b09841119f56d"
              }
            ],
            "subnet_ids": [
              "subnet-056d58bf5ee854258",
              "subnet-08e0b09841119f56d"
            ],
            "tags": {
              "Client": "client1",
              "Environment": "prod",
              "ManagedBy": "terraform",
              "Name": "client1-prod-logs-endpoint",
              "Owner": "SupplyChain",
              "Workspace": "apollo-v2"
            },
            "tags_all": {
              "Client": "client1",
              "Environment": "prod",
              "ManagedBy": "terraform",
              "Name": "client1-prod-logs-endpoint",
              "Owner": "SupplyChain",
              "Workspace": "apollo-v2"
            },
            "timeouts": null,
            "vpc_endpoint_type": "Interface",
            "vpc_id": "vpc-0acee1560fbe9d134"
          },
          "sensitive_attributes": [],
          "identity_schema_version": 0,
          "private": "eyJlMmJmYjczMC1lY2FhLTExZTYtOGY4OC0zNDM2M2JjN2M0YzAiOnsiY3JlYXRlIjo2MDAwMDAwMDAwMDAsImRlbGV0ZSI6NjAwMDAwMDAwMDAwLCJ1cGRhdGUiOjYwMDAwMDAwMDAwMH19",
          "dependencies": [
            "aws_security_group.alb",
            "aws_security_group.ecs",
            "aws_security_group.lambda_db",
            "aws_security_group.vpc_endpoints",
            "aws_subnet.private",
            "aws_vpc.main",
            "data.aws_availability_zones.available"
          ]
        }
      ]
    },
    {
      "mode": "managed",
      "type": "aws_vpc_endpoint",
      "name": "s3",
      "provider": "provider[\"registry.terraform.io/hashicorp/aws\"]",
      "instances": [
        {
          "schema_version": 0,
          "attributes": {
            "arn": "arn:aws:ec2:us-east-1:127214171089:vpc-endpoint/vpce-0e8cb86b5f8ba178d",
            "auto_accept": null,
            "cidr_blocks": [
              "16.15.176.0/20",
              "16.182.0.0/16",
              "18.34.0.0/19",
              "52.216.0.0/15",
              "54.231.0.0/16",
              "3.5.0.0/19",
              "18.34.232.0/21",
              "16.15.192.0/18"
            ],
            "dns_entry": [],
            "dns_options": [
              {
                "dns_record_ip_type": "service-defined",
                "private_dns_only_for_inbound_resolver_endpoint": false
              }
            ],
            "id": "vpce-0e8cb86b5f8ba178d",
            "ip_address_type": "ipv4",
            "network_interface_ids": [],
            "owner_id": "127214171089",
            "policy": "{\"Statement\":[{\"Action\":\"*\",\"Effect\":\"Allow\",\"Principal\":\"*\",\"Resource\":\"*\"}],\"Version\":\"2008-10-17\"}",
            "prefix_list_id": "pl-63a5400a",
            "private_dns_enabled": false,
            "requester_managed": false,
            "resource_configuration_arn": "",
            "route_table_ids": [
              "rtb-0ef18523905ca5279"
            ],
            "security_group_ids": [],
            "service_name": "com.amazonaws.us-east-1.s3",
            "service_network_arn": "",
            "service_region": "us-east-1",
            "state": "available",
            "subnet_configuration": [],
            "subnet_ids": [],
            "tags": {
              "Client": "client1",
              "Environment": "prod",
              "ManagedBy": "terraform",
              "Name": "client1-prod-s3-endpoint",
              "Owner": "SupplyChain",
              "Workspace": "apollo-v2"
            },
            "tags_all": {
              "Client": "client1",
              "Environment": "prod",
              "ManagedBy": "terraform",
              "Name": "client1-prod-s3-endpoint",
              "Owner": "SupplyChain",
              "Workspace": "apollo-v2"
            },
            "timeouts": null,
            "vpc_endpoint_type": "Gateway",
            "vpc_id": "vpc-0acee1560fbe9d134"
          },
          "sensitive_attributes": [],
          "identity_schema_version": 0,
          "private": "eyJlMmJmYjczMC1lY2FhLTExZTYtOGY4OC0zNDM2M2JjN2M0YzAiOnsiY3JlYXRlIjo2MDAwMDAwMDAwMDAsImRlbGV0ZSI6NjAwMDAwMDAwMDAwLCJ1cGRhdGUiOjYwMDAwMDAwMDAwMH19",
          "dependencies": [
            "aws_eip.nat",
            "aws_nat_gateway.nat",
            "aws_route_table.private",
            "aws_subnet.public",
            "aws_vpc.main",
            "data.aws_availability_zones.available"
          ]
        }
      ]
    },
    {
      "mode": "managed",
      "type": "aws_vpc_endpoint",
      "name": "sts",
      "provider": "provider[\"registry.terraform.io/hashicorp/aws\"]",
      "instances": [
        {
          "schema_version": 0,
          "attributes": {
            "arn": "arn:aws:ec2:us-east-1:127214171089:vpc-endpoint/vpce-089279d27677d6938",
            "auto_accept": null,
            "cidr_blocks": [],
            "dns_entry": [
              {
                "dns_name": "vpce-089279d27677d6938-1uhoexyx.sts.us-east-1.vpce.amazonaws.com",
                "hosted_zone_id": "Z7HUB22UULQXV"
              },
              {
                "dns_name": "vpce-089279d27677d6938-1uhoexyx-us-east-1a.sts.us-east-1.vpce.amazonaws.com",
                "hosted_zone_id": "Z7HUB22UULQXV"
              },
              {
                "dns_name": "vpce-089279d27677d6938-1uhoexyx-us-east-1b.sts.us-east-1.vpce.amazonaws.com",
                "hosted_zone_id": "Z7HUB22UULQXV"
              },
              {
                "dns_name": "sts.us-east-1.amazonaws.com",
                "hosted_zone_id": "Z0969980BUOB2ODL94LP"
              },
              {
                "dns_name": "sts.us-east-1.api.aws",
                "hosted_zone_id": "Z0046995360S59T9WSPI9"
              }
            ],
            "dns_options": [
              {
                "dns_record_ip_type": "ipv4",
                "private_dns_only_for_inbound_resolver_endpoint": false
              }
            ],
            "id": "vpce-089279d27677d6938",
            "ip_address_type": "ipv4",
            "network_interface_ids": [
              "eni-0536cab70b06a08e5",
              "eni-0c583f9b14e303461"
            ],
            "owner_id": "127214171089",
            "policy": "{\"Statement\":[{\"Action\":\"*\",\"Effect\":\"Allow\",\"Principal\":\"*\",\"Resource\":\"*\"}]}",
            "prefix_list_id": null,
            "private_dns_enabled": true,
            "requester_managed": false,
            "resource_configuration_arn": "",
            "route_table_ids": [],
            "security_group_ids": [
              "sg-0705a764da4e70aca"
            ],
            "service_name": "com.amazonaws.us-east-1.sts",
            "service_network_arn": "",
            "service_region": "us-east-1",
            "state": "available",
            "subnet_configuration": [
              {
                "ipv4": "10.30.10.180",
                "ipv6": "",
                "subnet_id": "subnet-056d58bf5ee854258"
              },
              {
                "ipv4": "10.30.11.112",
                "ipv6": "",
                "subnet_id": "subnet-08e0b09841119f56d"
              }
            ],
            "subnet_ids": [
              "subnet-056d58bf5ee854258",
              "subnet-08e0b09841119f56d"
            ],
            "tags": {
              "Client": "client1",
              "Environment": "prod",
              "ManagedBy": "terraform",
              "Name": "client1-prod-sts-endpoint",
              "Owner": "SupplyChain",
              "Workspace": "apollo-v2"
            },
            "tags_all": {
              "Client": "client1",
              "Environment": "prod",
              "ManagedBy": "terraform",
              "Name": "client1-prod-sts-endpoint",
              "Owner": "SupplyChain",
              "Workspace": "apollo-v2"
            },
            "timeouts": null,
            "vpc_endpoint_type": "Interface",
            "vpc_id": "vpc-0acee1560fbe9d134"
          },
          "sensitive_attributes": [],
          "identity_schema_version": 0,
          "private": "eyJlMmJmYjczMC1lY2FhLTExZTYtOGY4OC0zNDM2M2JjN2M0YzAiOnsiY3JlYXRlIjo2MDAwMDAwMDAwMDAsImRlbGV0ZSI6NjAwMDAwMDAwMDAwLCJ1cGRhdGUiOjYwMDAwMDAwMDAwMH19",
          "dependencies": [
            "aws_security_group.alb",
            "aws_security_group.ecs",
            "aws_security_group.lambda_db",
            "aws_security_group.vpc_endpoints",
            "aws_subnet.private",
            "aws_vpc.main",
            "data.aws_availability_zones.available"
          ]
        }
      ]
    }
  ],
  "check_results": [
    {
      "object_kind": "var",
      "config_addr": "var.cloudfront_price_class",
      "status": "unknown",
      "objects": null
    }
  ]
}
